// !$*UTF8*$!
{
	archiveVersion = 1;
	classes = {
	};
	objectVersion = 56;
	objects = {

/* Begin PBXBuildFile section */
		BA4206AB2AD0B67E00772934 /* TestExtensions.swift in Sources */ = {isa = PBXBuildFile; fileRef = BA4206AA2AD0B67E00772934 /* TestExtensions.swift */; };
		BA4206AD2AD0B6E400772934 /* TestsFactorys.swift in Sources */ = {isa = PBXBuildFile; fileRef = BA4206AC2AD0B6E400772934 /* TestsFactorys.swift */; };
		BA4206B02AD0B7C700772934 /* HttpClientSpy.swift in Sources */ = {isa = PBXBuildFile; fileRef = BA4206AF2AD0B7C700772934 /* HttpClientSpy.swift */; };
		BA4206B22AD0B83100772934 /* AccountModelFactory.swift in Sources */ = {isa = PBXBuildFile; fileRef = BA4206B12AD0B83100772934 /* AccountModelFactory.swift */; };
		BACFD8D22ACF6AED0016FA0C /* AddAccount.swift in Sources */ = {isa = PBXBuildFile; fileRef = BACFD8D12ACF6AED0016FA0C /* AddAccount.swift */; };
		BACFD8D42ACF6CDF0016FA0C /* AccountModel.swift in Sources */ = {isa = PBXBuildFile; fileRef = BACFD8D32ACF6CDF0016FA0C /* AccountModel.swift */; };
		BACFD8E32ACF6DB90016FA0C /* Data.framework in Frameworks */ = {isa = PBXBuildFile; fileRef = BACFD8DB2ACF6DB90016FA0C /* Data.framework */; };
		BACFD8E82ACF6DB90016FA0C /* RemoteAddAccountTests.swift in Sources */ = {isa = PBXBuildFile; fileRef = BACFD8E72ACF6DB90016FA0C /* RemoteAddAccountTests.swift */; };
		BACFD8F12ACF6DF50016FA0C /* Domain.framework in Frameworks */ = {isa = PBXBuildFile; fileRef = BACFD8CA2ACF52030016FA0C /* Domain.framework */; };
		BACFD8F22ACF6DF50016FA0C /* Domain.framework in Embed Frameworks */ = {isa = PBXBuildFile; fileRef = BACFD8CA2ACF52030016FA0C /* Domain.framework */; settings = {ATTRIBUTES = (CodeSignOnCopy, RemoveHeadersOnCopy, ); }; };
		BACFD8FA2ACFAAC80016FA0C /* Model.swift in Sources */ = {isa = PBXBuildFile; fileRef = BACFD8F92ACFAAC80016FA0C /* Model.swift */; };
		BACFD8FC2ACFAD1E0016FA0C /* RemoteAddAccount.swift in Sources */ = {isa = PBXBuildFile; fileRef = BACFD8FB2ACFAD1E0016FA0C /* RemoteAddAccount.swift */; };
		BACFD8FE2ACFAD5D0016FA0C /* HttpPostClient.swift in Sources */ = {isa = PBXBuildFile; fileRef = BACFD8FD2ACFAD5D0016FA0C /* HttpPostClient.swift */; };
		BACFD9062ACFB6B90016FA0C /* DomainError.swift in Sources */ = {isa = PBXBuildFile; fileRef = BACFD9052ACFB6B90016FA0C /* DomainError.swift */; };
		BACFD9082ACFB93A0016FA0C /* HttpError.swift in Sources */ = {isa = PBXBuildFile; fileRef = BACFD9072ACFB93A0016FA0C /* HttpError.swift */; };
		BACFD90B2ACFC6A60016FA0C /* ExtensionHelpers.swift in Sources */ = {isa = PBXBuildFile; fileRef = BACFD90A2ACFC6A60016FA0C /* ExtensionHelpers.swift */; };
/* End PBXBuildFile section */

/* Begin PBXContainerItemProxy section */
		BACFD8E42ACF6DB90016FA0C /* PBXContainerItemProxy */ = {
			isa = PBXContainerItemProxy;
			containerPortal = BACFD8B22ACF50C50016FA0C /* Project object */;
			proxyType = 1;
			remoteGlobalIDString = BACFD8DA2ACF6DB90016FA0C;
			remoteInfo = Data;
		};
		BACFD8F32ACF6DF50016FA0C /* PBXContainerItemProxy */ = {
			isa = PBXContainerItemProxy;
			containerPortal = BACFD8B22ACF50C50016FA0C /* Project object */;
			proxyType = 1;
			remoteGlobalIDString = BACFD8C92ACF52030016FA0C;
			remoteInfo = Domain;
		};
/* End PBXContainerItemProxy section */

/* Begin PBXCopyFilesBuildPhase section */
		BACFD8F52ACF6DF60016FA0C /* Embed Frameworks */ = {
			isa = PBXCopyFilesBuildPhase;
			buildActionMask = 2147483647;
			dstPath = "";
			dstSubfolderSpec = 10;
			files = (
				BACFD8F22ACF6DF50016FA0C /* Domain.framework in Embed Frameworks */,
			);
			name = "Embed Frameworks";
			runOnlyForDeploymentPostprocessing = 0;
		};
/* End PBXCopyFilesBuildPhase section */

/* Begin PBXFileReference section */
		BA4206AA2AD0B67E00772934 /* TestExtensions.swift */ = {isa = PBXFileReference; lastKnownFileType = sourcecode.swift; path = TestExtensions.swift; sourceTree = "<group>"; };
		BA4206AC2AD0B6E400772934 /* TestsFactorys.swift */ = {isa = PBXFileReference; lastKnownFileType = sourcecode.swift; path = TestsFactorys.swift; sourceTree = "<group>"; };
		BA4206AF2AD0B7C700772934 /* HttpClientSpy.swift */ = {isa = PBXFileReference; lastKnownFileType = sourcecode.swift; path = HttpClientSpy.swift; sourceTree = "<group>"; };
		BA4206B12AD0B83100772934 /* AccountModelFactory.swift */ = {isa = PBXFileReference; lastKnownFileType = sourcecode.swift; path = AccountModelFactory.swift; sourceTree = "<group>"; };
		BACFD8CA2ACF52030016FA0C /* Domain.framework */ = {isa = PBXFileReference; explicitFileType = wrapper.framework; includeInIndex = 0; path = Domain.framework; sourceTree = BUILT_PRODUCTS_DIR; };
		BACFD8D12ACF6AED0016FA0C /* AddAccount.swift */ = {isa = PBXFileReference; lastKnownFileType = sourcecode.swift; path = AddAccount.swift; sourceTree = "<group>"; };
		BACFD8D32ACF6CDF0016FA0C /* AccountModel.swift */ = {isa = PBXFileReference; lastKnownFileType = sourcecode.swift; path = AccountModel.swift; sourceTree = "<group>"; };
		BACFD8DB2ACF6DB90016FA0C /* Data.framework */ = {isa = PBXFileReference; explicitFileType = wrapper.framework; includeInIndex = 0; path = Data.framework; sourceTree = BUILT_PRODUCTS_DIR; };
		BACFD8E22ACF6DB90016FA0C /* DataTests.xctest */ = {isa = PBXFileReference; explicitFileType = wrapper.cfbundle; includeInIndex = 0; path = DataTests.xctest; sourceTree = BUILT_PRODUCTS_DIR; };
		BACFD8E72ACF6DB90016FA0C /* RemoteAddAccountTests.swift */ = {isa = PBXFileReference; lastKnownFileType = sourcecode.swift; path = RemoteAddAccountTests.swift; sourceTree = "<group>"; };
		BACFD8F92ACFAAC80016FA0C /* Model.swift */ = {isa = PBXFileReference; lastKnownFileType = sourcecode.swift; path = Model.swift; sourceTree = "<group>"; };
		BACFD8FB2ACFAD1E0016FA0C /* RemoteAddAccount.swift */ = {isa = PBXFileReference; lastKnownFileType = sourcecode.swift; path = RemoteAddAccount.swift; sourceTree = "<group>"; };
		BACFD8FD2ACFAD5D0016FA0C /* HttpPostClient.swift */ = {isa = PBXFileReference; lastKnownFileType = sourcecode.swift; path = HttpPostClient.swift; sourceTree = "<group>"; };
		BACFD9052ACFB6B90016FA0C /* DomainError.swift */ = {isa = PBXFileReference; lastKnownFileType = sourcecode.swift; path = DomainError.swift; sourceTree = "<group>"; };
		BACFD9072ACFB93A0016FA0C /* HttpError.swift */ = {isa = PBXFileReference; lastKnownFileType = sourcecode.swift; path = HttpError.swift; sourceTree = "<group>"; };
		BACFD90A2ACFC6A60016FA0C /* ExtensionHelpers.swift */ = {isa = PBXFileReference; lastKnownFileType = sourcecode.swift; path = ExtensionHelpers.swift; sourceTree = "<group>"; };
/* End PBXFileReference section */

/* Begin PBXFrameworksBuildPhase section */
		BACFD8C72ACF52030016FA0C /* Frameworks */ = {
			isa = PBXFrameworksBuildPhase;
			buildActionMask = 2147483647;
			files = (
			);
			runOnlyForDeploymentPostprocessing = 0;
		};
		BACFD8D82ACF6DB90016FA0C /* Frameworks */ = {
			isa = PBXFrameworksBuildPhase;
			buildActionMask = 2147483647;
			files = (
				BACFD8F12ACF6DF50016FA0C /* Domain.framework in Frameworks */,
			);
			runOnlyForDeploymentPostprocessing = 0;
		};
		BACFD8DF2ACF6DB90016FA0C /* Frameworks */ = {
			isa = PBXFrameworksBuildPhase;
			buildActionMask = 2147483647;
			files = (
				BACFD8E32ACF6DB90016FA0C /* Data.framework in Frameworks */,
			);
			runOnlyForDeploymentPostprocessing = 0;
		};
/* End PBXFrameworksBuildPhase section */

/* Begin PBXGroup section */
		BA4206A92AD0B64500772934 /* Helpers */ = {
			isa = PBXGroup;
			children = (
				BA4206AA2AD0B67E00772934 /* TestExtensions.swift */,
				BA4206AC2AD0B6E400772934 /* TestsFactorys.swift */,
				BA4206B12AD0B83100772934 /* AccountModelFactory.swift */,
			);
			path = Helpers;
			sourceTree = "<group>";
		};
		BA4206AE2AD0B75500772934 /* Http */ = {
			isa = PBXGroup;
			children = (
				BA4206AF2AD0B7C700772934 /* HttpClientSpy.swift */,
			);
			path = Http;
			sourceTree = "<group>";
		};
		BACFD8B12ACF50C50016FA0C = {
			isa = PBXGroup;
			children = (
				BACFD8CB2ACF52030016FA0C /* Domain */,
				BACFD8DC2ACF6DB90016FA0C /* Data */,
				BACFD8E62ACF6DB90016FA0C /* DataTests */,
				BACFD8BC2ACF50C50016FA0C /* Products */,
				BACFD8F02ACF6DF50016FA0C /* Frameworks */,
			);
			sourceTree = "<group>";
		};
		BACFD8BC2ACF50C50016FA0C /* Products */ = {
			isa = PBXGroup;
			children = (
				BACFD8CA2ACF52030016FA0C /* Domain.framework */,
				BACFD8DB2ACF6DB90016FA0C /* Data.framework */,
				BACFD8E22ACF6DB90016FA0C /* DataTests.xctest */,
			);
			name = Products;
			sourceTree = "<group>";
		};
		BACFD8CB2ACF52030016FA0C /* Domain */ = {
			isa = PBXGroup;
			children = (
				BACFD9042ACFB69F0016FA0C /* Errors */,
				BACFD8FF2ACFAE140016FA0C /* UseCases */,
				BACFD9002ACFAE2A0016FA0C /* Models */,
			);
			path = Domain;
			sourceTree = "<group>";
		};
		BACFD8DC2ACF6DB90016FA0C /* Data */ = {
			isa = PBXGroup;
			children = (
				BACFD9092ACFC67F0016FA0C /* Helpers */,
				BACFD9012ACFAE3F0016FA0C /* UseCases */,
				BACFD9022ACFAE4D0016FA0C /* Http */,
			);
			path = Data;
			sourceTree = "<group>";
		};
		BACFD8E62ACF6DB90016FA0C /* DataTests */ = {
			isa = PBXGroup;
			children = (
				BA4206A92AD0B64500772934 /* Helpers */,
				BACFD9032ACFAE650016FA0C /* UseCases */,
				BA4206AE2AD0B75500772934 /* Http */,
			);
			path = DataTests;
			sourceTree = "<group>";
		};
		BACFD8F02ACF6DF50016FA0C /* Frameworks */ = {
			isa = PBXGroup;
			children = (
			);
			name = Frameworks;
			sourceTree = "<group>";
		};
		BACFD8FF2ACFAE140016FA0C /* UseCases */ = {
			isa = PBXGroup;
			children = (
				BACFD8D12ACF6AED0016FA0C /* AddAccount.swift */,
			);
			path = UseCases;
			sourceTree = "<group>";
		};
		BACFD9002ACFAE2A0016FA0C /* Models */ = {
			isa = PBXGroup;
			children = (
				BACFD8D32ACF6CDF0016FA0C /* AccountModel.swift */,
				BACFD8F92ACFAAC80016FA0C /* Model.swift */,
			);
			path = Models;
			sourceTree = "<group>";
		};
		BACFD9012ACFAE3F0016FA0C /* UseCases */ = {
			isa = PBXGroup;
			children = (
				BACFD8FB2ACFAD1E0016FA0C /* RemoteAddAccount.swift */,
			);
			path = UseCases;
			sourceTree = "<group>";
		};
		BACFD9022ACFAE4D0016FA0C /* Http */ = {
			isa = PBXGroup;
			children = (
				BACFD8FD2ACFAD5D0016FA0C /* HttpPostClient.swift */,
				BACFD9072ACFB93A0016FA0C /* HttpError.swift */,
			);
			path = Http;
			sourceTree = "<group>";
		};
		BACFD9032ACFAE650016FA0C /* UseCases */ = {
			isa = PBXGroup;
			children = (
				BACFD8E72ACF6DB90016FA0C /* RemoteAddAccountTests.swift */,
			);
			path = UseCases;
			sourceTree = "<group>";
		};
		BACFD9042ACFB69F0016FA0C /* Errors */ = {
			isa = PBXGroup;
			children = (
				BACFD9052ACFB6B90016FA0C /* DomainError.swift */,
			);
			path = Errors;
			sourceTree = "<group>";
		};
		BACFD9092ACFC67F0016FA0C /* Helpers */ = {
			isa = PBXGroup;
			children = (
				BACFD90A2ACFC6A60016FA0C /* ExtensionHelpers.swift */,
			);
			path = Helpers;
			sourceTree = "<group>";
		};
/* End PBXGroup section */

/* Begin PBXHeadersBuildPhase section */
		BACFD8C52ACF52030016FA0C /* Headers */ = {
			isa = PBXHeadersBuildPhase;
			buildActionMask = 2147483647;
			files = (
			);
			runOnlyForDeploymentPostprocessing = 0;
		};
		BACFD8D62ACF6DB90016FA0C /* Headers */ = {
			isa = PBXHeadersBuildPhase;
			buildActionMask = 2147483647;
			files = (
			);
			runOnlyForDeploymentPostprocessing = 0;
		};
/* End PBXHeadersBuildPhase section */

/* Begin PBXNativeTarget section */
		BACFD8C92ACF52030016FA0C /* Domain */ = {
			isa = PBXNativeTarget;
			buildConfigurationList = BACFD8CE2ACF52030016FA0C /* Build configuration list for PBXNativeTarget "Domain" */;
			buildPhases = (
				BACFD8C52ACF52030016FA0C /* Headers */,
				BACFD8C62ACF52030016FA0C /* Sources */,
				BACFD8C72ACF52030016FA0C /* Frameworks */,
				BACFD8C82ACF52030016FA0C /* Resources */,
			);
			buildRules = (
			);
			dependencies = (
			);
			name = Domain;
			productName = Domain;
			productReference = BACFD8CA2ACF52030016FA0C /* Domain.framework */;
			productType = "com.apple.product-type.framework";
		};
		BACFD8DA2ACF6DB90016FA0C /* Data */ = {
			isa = PBXNativeTarget;
			buildConfigurationList = BACFD8EA2ACF6DBA0016FA0C /* Build configuration list for PBXNativeTarget "Data" */;
			buildPhases = (
				BACFD8D62ACF6DB90016FA0C /* Headers */,
				BACFD8D72ACF6DB90016FA0C /* Sources */,
				BACFD8D82ACF6DB90016FA0C /* Frameworks */,
				BACFD8D92ACF6DB90016FA0C /* Resources */,
				BACFD8F52ACF6DF60016FA0C /* Embed Frameworks */,
			);
			buildRules = (
			);
			dependencies = (
				BACFD8F42ACF6DF50016FA0C /* PBXTargetDependency */,
			);
			name = Data;
			productName = Data;
			productReference = BACFD8DB2ACF6DB90016FA0C /* Data.framework */;
			productType = "com.apple.product-type.framework";
		};
		BACFD8E12ACF6DB90016FA0C /* DataTests */ = {
			isa = PBXNativeTarget;
			buildConfigurationList = BACFD8ED2ACF6DBA0016FA0C /* Build configuration list for PBXNativeTarget "DataTests" */;
			buildPhases = (
				BACFD8DE2ACF6DB90016FA0C /* Sources */,
				BACFD8DF2ACF6DB90016FA0C /* Frameworks */,
				BACFD8E02ACF6DB90016FA0C /* Resources */,
			);
			buildRules = (
			);
			dependencies = (
				BACFD8E52ACF6DB90016FA0C /* PBXTargetDependency */,
			);
			name = DataTests;
			productName = DataTests;
			productReference = BACFD8E22ACF6DB90016FA0C /* DataTests.xctest */;
			productType = "com.apple.product-type.bundle.unit-test";
		};
/* End PBXNativeTarget section */

/* Begin PBXProject section */
		BACFD8B22ACF50C50016FA0C /* Project object */ = {
			isa = PBXProject;
			attributes = {
				BuildIndependentTargetsInParallel = 1;
				LastSwiftUpdateCheck = 1430;
				LastUpgradeCheck = 1430;
				TargetAttributes = {
					BACFD8C92ACF52030016FA0C = {
						CreatedOnToolsVersion = 14.3;
						LastSwiftMigration = 1430;
					};
					BACFD8DA2ACF6DB90016FA0C = {
						CreatedOnToolsVersion = 14.3;
						LastSwiftMigration = 1430;
					};
					BACFD8E12ACF6DB90016FA0C = {
						CreatedOnToolsVersion = 14.3;
					};
				};
			};
			buildConfigurationList = BACFD8B52ACF50C50016FA0C /* Build configuration list for PBXProject "CleanApp" */;
			compatibilityVersion = "Xcode 14.0";
			developmentRegion = en;
			hasScannedForEncodings = 0;
			knownRegions = (
				en,
				Base,
			);
			mainGroup = BACFD8B12ACF50C50016FA0C;
			productRefGroup = BACFD8BC2ACF50C50016FA0C /* Products */;
			projectDirPath = "";
			projectRoot = "";
			targets = (
				BACFD8C92ACF52030016FA0C /* Domain */,
				BACFD8DA2ACF6DB90016FA0C /* Data */,
				BACFD8E12ACF6DB90016FA0C /* DataTests */,
			);
		};
/* End PBXProject section */

/* Begin PBXResourcesBuildPhase section */
		BACFD8C82ACF52030016FA0C /* Resources */ = {
			isa = PBXResourcesBuildPhase;
			buildActionMask = 2147483647;
			files = (
			);
			runOnlyForDeploymentPostprocessing = 0;
		};
		BACFD8D92ACF6DB90016FA0C /* Resources */ = {
			isa = PBXResourcesBuildPhase;
			buildActionMask = 2147483647;
			files = (
			);
			runOnlyForDeploymentPostprocessing = 0;
		};
		BACFD8E02ACF6DB90016FA0C /* Resources */ = {
			isa = PBXResourcesBuildPhase;
			buildActionMask = 2147483647;
			files = (
			);
			runOnlyForDeploymentPostprocessing = 0;
		};
/* End PBXResourcesBuildPhase section */

/* Begin PBXSourcesBuildPhase section */
		BACFD8C62ACF52030016FA0C /* Sources */ = {
			isa = PBXSourcesBuildPhase;
			buildActionMask = 2147483647;
			files = (
				BACFD8FA2ACFAAC80016FA0C /* Model.swift in Sources */,
				BACFD8D22ACF6AED0016FA0C /* AddAccount.swift in Sources */,
				BACFD9062ACFB6B90016FA0C /* DomainError.swift in Sources */,
				BACFD8D42ACF6CDF0016FA0C /* AccountModel.swift in Sources */,
			);
			runOnlyForDeploymentPostprocessing = 0;
		};
		BACFD8D72ACF6DB90016FA0C /* Sources */ = {
			isa = PBXSourcesBuildPhase;
			buildActionMask = 2147483647;
			files = (
				BACFD8FE2ACFAD5D0016FA0C /* HttpPostClient.swift in Sources */,
				BACFD90B2ACFC6A60016FA0C /* ExtensionHelpers.swift in Sources */,
				BACFD9082ACFB93A0016FA0C /* HttpError.swift in Sources */,
				BACFD8FC2ACFAD1E0016FA0C /* RemoteAddAccount.swift in Sources */,
			);
			runOnlyForDeploymentPostprocessing = 0;
		};
		BACFD8DE2ACF6DB90016FA0C /* Sources */ = {
			isa = PBXSourcesBuildPhase;
			buildActionMask = 2147483647;
			files = (
				BACFD8E82ACF6DB90016FA0C /* RemoteAddAccountTests.swift in Sources */,
				BA4206B02AD0B7C700772934 /* HttpClientSpy.swift in Sources */,
				BA4206AB2AD0B67E00772934 /* TestExtensions.swift in Sources */,
				BA4206B22AD0B83100772934 /* AccountModelFactory.swift in Sources */,
				BA4206AD2AD0B6E400772934 /* TestsFactorys.swift in Sources */,
			);
			runOnlyForDeploymentPostprocessing = 0;
		};
/* End PBXSourcesBuildPhase section */

/* Begin PBXTargetDependency section */
		BACFD8E52ACF6DB90016FA0C /* PBXTargetDependency */ = {
			isa = PBXTargetDependency;
			target = BACFD8DA2ACF6DB90016FA0C /* Data */;
			targetProxy = BACFD8E42ACF6DB90016FA0C /* PBXContainerItemProxy */;
		};
		BACFD8F42ACF6DF50016FA0C /* PBXTargetDependency */ = {
			isa = PBXTargetDependency;
			target = BACFD8C92ACF52030016FA0C /* Domain */;
			targetProxy = BACFD8F32ACF6DF50016FA0C /* PBXContainerItemProxy */;
		};
/* End PBXTargetDependency section */

/* Begin XCBuildConfiguration section */
		BACFD8C02ACF50C50016FA0C /* Debug */ = {
			isa = XCBuildConfiguration;
			buildSettings = {
				ALWAYS_SEARCH_USER_PATHS = NO;
				CLANG_ANALYZER_NONNULL = YES;
				CLANG_ANALYZER_NUMBER_OBJECT_CONVERSION = YES_AGGRESSIVE;
				CLANG_CXX_LANGUAGE_STANDARD = "gnu++20";
				CLANG_ENABLE_MODULES = YES;
				CLANG_ENABLE_OBJC_ARC = YES;
				CLANG_ENABLE_OBJC_WEAK = YES;
				CLANG_WARN_BLOCK_CAPTURE_AUTORELEASING = YES;
				CLANG_WARN_BOOL_CONVERSION = YES;
				CLANG_WARN_COMMA = YES;
				CLANG_WARN_CONSTANT_CONVERSION = YES;
				CLANG_WARN_DEPRECATED_OBJC_IMPLEMENTATIONS = YES;
				CLANG_WARN_DIRECT_OBJC_ISA_USAGE = YES_ERROR;
				CLANG_WARN_DOCUMENTATION_COMMENTS = YES;
				CLANG_WARN_EMPTY_BODY = YES;
				CLANG_WARN_ENUM_CONVERSION = YES;
				CLANG_WARN_INFINITE_RECURSION = YES;
				CLANG_WARN_INT_CONVERSION = YES;
				CLANG_WARN_NON_LITERAL_NULL_CONVERSION = YES;
				CLANG_WARN_OBJC_IMPLICIT_RETAIN_SELF = YES;
				CLANG_WARN_OBJC_LITERAL_CONVERSION = YES;
				CLANG_WARN_OBJC_ROOT_CLASS = YES_ERROR;
				CLANG_WARN_QUOTED_INCLUDE_IN_FRAMEWORK_HEADER = YES;
				CLANG_WARN_RANGE_LOOP_ANALYSIS = YES;
				CLANG_WARN_STRICT_PROTOTYPES = YES;
				CLANG_WARN_SUSPICIOUS_MOVE = YES;
				CLANG_WARN_UNGUARDED_AVAILABILITY = YES_AGGRESSIVE;
				CLANG_WARN_UNREACHABLE_CODE = YES;
				CLANG_WARN__DUPLICATE_METHOD_MATCH = YES;
				COPY_PHASE_STRIP = NO;
				CURRENT_PROJECT_VERSION = 1;
				DEBUG_INFORMATION_FORMAT = dwarf;
				ENABLE_STRICT_OBJC_MSGSEND = YES;
				ENABLE_TESTABILITY = YES;
				GCC_C_LANGUAGE_STANDARD = gnu11;
				GCC_DYNAMIC_NO_PIC = NO;
				GCC_NO_COMMON_BLOCKS = YES;
				GCC_OPTIMIZATION_LEVEL = 0;
				GCC_PREPROCESSOR_DEFINITIONS = (
					"DEBUG=1",
					"$(inherited)",
				);
				GCC_WARN_64_TO_32_BIT_CONVERSION = YES;
				GCC_WARN_ABOUT_RETURN_TYPE = YES_ERROR;
				GCC_WARN_UNDECLARED_SELECTOR = YES;
				GCC_WARN_UNINITIALIZED_AUTOS = YES_AGGRESSIVE;
				GCC_WARN_UNUSED_FUNCTION = YES;
				GCC_WARN_UNUSED_VARIABLE = YES;
				IPHONEOS_DEPLOYMENT_TARGET = 16.4;
				MTL_ENABLE_DEBUG_INFO = INCLUDE_SOURCE;
				MTL_FAST_MATH = YES;
				ONLY_ACTIVE_ARCH = YES;
				SDKROOT = iphoneos;
				SWIFT_ACTIVE_COMPILATION_CONDITIONS = DEBUG;
				SWIFT_OPTIMIZATION_LEVEL = "-Onone";
				VERSIONING_SYSTEM = "apple-generic";
				VERSION_INFO_PREFIX = "";
			};
			name = Debug;
		};
		BACFD8C12ACF50C50016FA0C /* Release */ = {
			isa = XCBuildConfiguration;
			buildSettings = {
				ALWAYS_SEARCH_USER_PATHS = NO;
				CLANG_ANALYZER_NONNULL = YES;
				CLANG_ANALYZER_NUMBER_OBJECT_CONVERSION = YES_AGGRESSIVE;
				CLANG_CXX_LANGUAGE_STANDARD = "gnu++20";
				CLANG_ENABLE_MODULES = YES;
				CLANG_ENABLE_OBJC_ARC = YES;
				CLANG_ENABLE_OBJC_WEAK = YES;
				CLANG_WARN_BLOCK_CAPTURE_AUTORELEASING = YES;
				CLANG_WARN_BOOL_CONVERSION = YES;
				CLANG_WARN_COMMA = YES;
				CLANG_WARN_CONSTANT_CONVERSION = YES;
				CLANG_WARN_DEPRECATED_OBJC_IMPLEMENTATIONS = YES;
				CLANG_WARN_DIRECT_OBJC_ISA_USAGE = YES_ERROR;
				CLANG_WARN_DOCUMENTATION_COMMENTS = YES;
				CLANG_WARN_EMPTY_BODY = YES;
				CLANG_WARN_ENUM_CONVERSION = YES;
				CLANG_WARN_INFINITE_RECURSION = YES;
				CLANG_WARN_INT_CONVERSION = YES;
				CLANG_WARN_NON_LITERAL_NULL_CONVERSION = YES;
				CLANG_WARN_OBJC_IMPLICIT_RETAIN_SELF = YES;
				CLANG_WARN_OBJC_LITERAL_CONVERSION = YES;
				CLANG_WARN_OBJC_ROOT_CLASS = YES_ERROR;
				CLANG_WARN_QUOTED_INCLUDE_IN_FRAMEWORK_HEADER = YES;
				CLANG_WARN_RANGE_LOOP_ANALYSIS = YES;
				CLANG_WARN_STRICT_PROTOTYPES = YES;
				CLANG_WARN_SUSPICIOUS_MOVE = YES;
				CLANG_WARN_UNGUARDED_AVAILABILITY = YES_AGGRESSIVE;
				CLANG_WARN_UNREACHABLE_CODE = YES;
				CLANG_WARN__DUPLICATE_METHOD_MATCH = YES;
				COPY_PHASE_STRIP = NO;
				CURRENT_PROJECT_VERSION = 1;
				DEBUG_INFORMATION_FORMAT = "dwarf-with-dsym";
				ENABLE_NS_ASSERTIONS = NO;
				ENABLE_STRICT_OBJC_MSGSEND = YES;
				GCC_C_LANGUAGE_STANDARD = gnu11;
				GCC_NO_COMMON_BLOCKS = YES;
				GCC_WARN_64_TO_32_BIT_CONVERSION = YES;
				GCC_WARN_ABOUT_RETURN_TYPE = YES_ERROR;
				GCC_WARN_UNDECLARED_SELECTOR = YES;
				GCC_WARN_UNINITIALIZED_AUTOS = YES_AGGRESSIVE;
				GCC_WARN_UNUSED_FUNCTION = YES;
				GCC_WARN_UNUSED_VARIABLE = YES;
				IPHONEOS_DEPLOYMENT_TARGET = 16.4;
				MTL_ENABLE_DEBUG_INFO = NO;
				MTL_FAST_MATH = YES;
				SDKROOT = iphoneos;
				SWIFT_COMPILATION_MODE = wholemodule;
				SWIFT_OPTIMIZATION_LEVEL = "-O";
				VALIDATE_PRODUCT = YES;
				VERSIONING_SYSTEM = "apple-generic";
				VERSION_INFO_PREFIX = "";
			};
			name = Release;
		};
		BACFD8CF2ACF52030016FA0C /* Debug */ = {
			isa = XCBuildConfiguration;
			buildSettings = {
				CLANG_ENABLE_MODULES = YES;
				CODE_SIGN_STYLE = Automatic;
				COMBINE_HIDPI_IMAGES = YES;
				CURRENT_PROJECT_VERSION = 1;
				DEFINES_MODULE = YES;
				DYLIB_COMPATIBILITY_VERSION = 1;
				DYLIB_CURRENT_VERSION = 1;
				DYLIB_INSTALL_NAME_BASE = "@rpath";
				ENABLE_MODULE_VERIFIER = YES;
				GENERATE_INFOPLIST_FILE = YES;
				INFOPLIST_KEY_NSHumanReadableCopyright = "";
				INSTALL_PATH = "$(LOCAL_LIBRARY_DIR)/Frameworks";
				LD_RUNPATH_SEARCH_PATHS = (
					"$(inherited)",
					"@executable_path/../Frameworks",
					"@loader_path/Frameworks",
				);
				MACOSX_DEPLOYMENT_TARGET = 13.3;
				MARKETING_VERSION = 1.0;
				MODULE_VERIFIER_SUPPORTED_LANGUAGES = "objective-c objective-c++";
				MODULE_VERIFIER_SUPPORTED_LANGUAGE_STANDARDS = "gnu11 gnu++20";
				PRODUCT_BUNDLE_IDENTIFIER = com.cleanapp.app.Domain;
				PRODUCT_NAME = "$(TARGET_NAME:c99extidentifier)";
				SDKROOT = macosx;
				SKIP_INSTALL = YES;
				SWIFT_EMIT_LOC_STRINGS = YES;
				SWIFT_OPTIMIZATION_LEVEL = "-Onone";
				SWIFT_VERSION = 5.0;
			};
			name = Debug;
		};
		BACFD8D02ACF52030016FA0C /* Release */ = {
			isa = XCBuildConfiguration;
			buildSettings = {
				CLANG_ENABLE_MODULES = YES;
				CODE_SIGN_STYLE = Automatic;
				COMBINE_HIDPI_IMAGES = YES;
				CURRENT_PROJECT_VERSION = 1;
				DEFINES_MODULE = YES;
				DYLIB_COMPATIBILITY_VERSION = 1;
				DYLIB_CURRENT_VERSION = 1;
				DYLIB_INSTALL_NAME_BASE = "@rpath";
				ENABLE_MODULE_VERIFIER = YES;
				GENERATE_INFOPLIST_FILE = YES;
				INFOPLIST_KEY_NSHumanReadableCopyright = "";
				INSTALL_PATH = "$(LOCAL_LIBRARY_DIR)/Frameworks";
				LD_RUNPATH_SEARCH_PATHS = (
					"$(inherited)",
					"@executable_path/../Frameworks",
					"@loader_path/Frameworks",
				);
				MACOSX_DEPLOYMENT_TARGET = 13.3;
				MARKETING_VERSION = 1.0;
				MODULE_VERIFIER_SUPPORTED_LANGUAGES = "objective-c objective-c++";
				MODULE_VERIFIER_SUPPORTED_LANGUAGE_STANDARDS = "gnu11 gnu++20";
				PRODUCT_BUNDLE_IDENTIFIER = com.cleanapp.app.Domain;
				PRODUCT_NAME = "$(TARGET_NAME:c99extidentifier)";
				SDKROOT = macosx;
				SKIP_INSTALL = YES;
				SWIFT_EMIT_LOC_STRINGS = YES;
				SWIFT_VERSION = 5.0;
			};
			name = Release;
		};
		BACFD8EB2ACF6DBA0016FA0C /* Debug */ = {
			isa = XCBuildConfiguration;
			buildSettings = {
				CLANG_ENABLE_MODULES = YES;
				CODE_SIGN_STYLE = Automatic;
				COMBINE_HIDPI_IMAGES = YES;
				CURRENT_PROJECT_VERSION = 1;
				DEFINES_MODULE = YES;
				DYLIB_COMPATIBILITY_VERSION = 1;
				DYLIB_CURRENT_VERSION = 1;
				DYLIB_INSTALL_NAME_BASE = "@rpath";
				ENABLE_MODULE_VERIFIER = YES;
				GENERATE_INFOPLIST_FILE = YES;
				INFOPLIST_KEY_NSHumanReadableCopyright = "";
				INSTALL_PATH = "$(LOCAL_LIBRARY_DIR)/Frameworks";
				LD_RUNPATH_SEARCH_PATHS = (
					"$(inherited)",
					"@executable_path/../Frameworks",
					"@loader_path/Frameworks",
				);
				MACOSX_DEPLOYMENT_TARGET = 13.3;
				MARKETING_VERSION = 1.0;
				MODULE_VERIFIER_SUPPORTED_LANGUAGES = "objective-c objective-c++";
				MODULE_VERIFIER_SUPPORTED_LANGUAGE_STANDARDS = "gnu11 gnu++20";
				PRODUCT_BUNDLE_IDENTIFIER = com.cleanapp.app.Data;
				PRODUCT_NAME = "$(TARGET_NAME:c99extidentifier)";
				SDKROOT = macosx;
				SKIP_INSTALL = YES;
				SWIFT_EMIT_LOC_STRINGS = YES;
				SWIFT_OPTIMIZATION_LEVEL = "-Onone";
				SWIFT_VERSION = 5.0;
			};
			name = Debug;
		};
		BACFD8EC2ACF6DBA0016FA0C /* Release */ = {
			isa = XCBuildConfiguration;
			buildSettings = {
				CLANG_ENABLE_MODULES = YES;
				CODE_SIGN_STYLE = Automatic;
				COMBINE_HIDPI_IMAGES = YES;
				CURRENT_PROJECT_VERSION = 1;
				DEFINES_MODULE = YES;
				DYLIB_COMPATIBILITY_VERSION = 1;
				DYLIB_CURRENT_VERSION = 1;
				DYLIB_INSTALL_NAME_BASE = "@rpath";
				ENABLE_MODULE_VERIFIER = YES;
				GENERATE_INFOPLIST_FILE = YES;
				INFOPLIST_KEY_NSHumanReadableCopyright = "";
				INSTALL_PATH = "$(LOCAL_LIBRARY_DIR)/Frameworks";
				LD_RUNPATH_SEARCH_PATHS = (
					"$(inherited)",
					"@executable_path/../Frameworks",
					"@loader_path/Frameworks",
				);
				MACOSX_DEPLOYMENT_TARGET = 13.3;
				MARKETING_VERSION = 1.0;
				MODULE_VERIFIER_SUPPORTED_LANGUAGES = "objective-c objective-c++";
				MODULE_VERIFIER_SUPPORTED_LANGUAGE_STANDARDS = "gnu11 gnu++20";
				PRODUCT_BUNDLE_IDENTIFIER = com.cleanapp.app.Data;
				PRODUCT_NAME = "$(TARGET_NAME:c99extidentifier)";
				SDKROOT = macosx;
				SKIP_INSTALL = YES;
				SWIFT_EMIT_LOC_STRINGS = YES;
				SWIFT_VERSION = 5.0;
			};
			name = Release;
		};
		BACFD8EE2ACF6DBA0016FA0C /* Debug */ = {
			isa = XCBuildConfiguration;
			buildSettings = {
				ALWAYS_EMBED_SWIFT_STANDARD_LIBRARIES = YES;
				CODE_SIGN_STYLE = Automatic;
				CURRENT_PROJECT_VERSION = 1;
				GENERATE_INFOPLIST_FILE = YES;
				MACOSX_DEPLOYMENT_TARGET = 13.3;
				MARKETING_VERSION = 1.0;
				PRODUCT_BUNDLE_IDENTIFIER = com.cleanapp.app.DataTests;
				PRODUCT_NAME = "$(TARGET_NAME)";
				SDKROOT = macosx;
				SWIFT_EMIT_LOC_STRINGS = NO;
				SWIFT_VERSION = 5.0;
			};
			name = Debug;
		};
		BACFD8EF2ACF6DBA0016FA0C /* Release */ = {
			isa = XCBuildConfiguration;
			buildSettings = {
				ALWAYS_EMBED_SWIFT_STANDARD_LIBRARIES = YES;
				CODE_SIGN_STYLE = Automatic;
				CURRENT_PROJECT_VERSION = 1;
				GENERATE_INFOPLIST_FILE = YES;
				MACOSX_DEPLOYMENT_TARGET = 13.3;
				MARKETING_VERSION = 1.0;
				PRODUCT_BUNDLE_IDENTIFIER = com.cleanapp.app.DataTests;
				PRODUCT_NAME = "$(TARGET_NAME)";
				SDKROOT = macosx;
				SWIFT_EMIT_LOC_STRINGS = NO;
				SWIFT_VERSION = 5.0;
			};
			name = Release;
		};
/* End XCBuildConfiguration section */

/* Begin XCConfigurationList section */
		BACFD8B52ACF50C50016FA0C /* Build configuration list for PBXProject "CleanApp" */ = {
			isa = XCConfigurationList;
			buildConfigurations = (
				BACFD8C02ACF50C50016FA0C /* Debug */,
				BACFD8C12ACF50C50016FA0C /* Release */,
			);
			defaultConfigurationIsVisible = 0;
			defaultConfigurationName = Release;
		};
		BACFD8CE2ACF52030016FA0C /* Build configuration list for PBXNativeTarget "Domain" */ = {
			isa = XCConfigurationList;
			buildConfigurations = (
				BACFD8CF2ACF52030016FA0C /* Debug */,
				BACFD8D02ACF52030016FA0C /* Release */,
			);
			defaultConfigurationIsVisible = 0;
			defaultConfigurationName = Release;
		};
		BACFD8EA2ACF6DBA0016FA0C /* Build configuration list for PBXNativeTarget "Data" */ = {
			isa = XCConfigurationList;
			buildConfigurations = (
				BACFD8EB2ACF6DBA0016FA0C /* Debug */,
				BACFD8EC2ACF6DBA0016FA0C /* Release */,
			);
			defaultConfigurationIsVisible = 0;
			defaultConfigurationName = Release;
		};
		BACFD8ED2ACF6DBA0016FA0C /* Build configuration list for PBXNativeTarget "DataTests" */ = {
			isa = XCConfigurationList;
			buildConfigurations = (
				BACFD8EE2ACF6DBA0016FA0C /* Debug */,
				BACFD8EF2ACF6DBA0016FA0C /* Release */,
			);
			defaultConfigurationIsVisible = 0;
			defaultConfigurationName = Release;
		};
/* End XCConfigurationList section */
	};
	rootObject = BACFD8B22ACF50C50016FA0C /* Project object */;
}
