// !$*UTF8*$!
{
	archiveVersion = 1;
	classes = {
	};
	objectVersion = 56;
	objects = {

/* Begin PBXBuildFile section */
		BA162D632ADAAFE80012C414 /* Presentation.framework in Frameworks */ = {isa = PBXBuildFile; fileRef = BA162D5B2ADAAFE70012C414 /* Presentation.framework */; };
		BA162D682ADAAFE80012C414 /* SignUpPresenterTest.swift in Sources */ = {isa = PBXBuildFile; fileRef = BA162D672ADAAFE80012C414 /* SignUpPresenterTest.swift */; };
		BA1F6E842ADB29F2002683F9 /* SignUpMapper.swift in Sources */ = {isa = PBXBuildFile; fileRef = BA1F6E832ADB29F2002683F9 /* SignUpMapper.swift */; };
		BA1F6E862ADB2A9C002683F9 /* SignUpViewModel.swift in Sources */ = {isa = PBXBuildFile; fileRef = BA1F6E852ADB2A9C002683F9 /* SignUpViewModel.swift */; };
		BA1F6E8A2ADB2D04002683F9 /* AlertViewSpy.swift in Sources */ = {isa = PBXBuildFile; fileRef = BA1F6E892ADB2D04002683F9 /* AlertViewSpy.swift */; };
		BA1F6E8C2ADB2DD2002683F9 /* LoadingViewSpy.swift in Sources */ = {isa = PBXBuildFile; fileRef = BA1F6E8B2ADB2DD2002683F9 /* LoadingViewSpy.swift */; };
		BA1F6E8E2ADB2E05002683F9 /* EmailValidatorSpy.swift in Sources */ = {isa = PBXBuildFile; fileRef = BA1F6E8D2ADB2E05002683F9 /* EmailValidatorSpy.swift */; };
		BA1F6E902ADB2E38002683F9 /* AddAccountSpy.swift in Sources */ = {isa = PBXBuildFile; fileRef = BA1F6E8F2ADB2E38002683F9 /* AddAccountSpy.swift */; };
		BA1F6E952ADB2FEF002683F9 /* TestFactories.swift in Sources */ = {isa = PBXBuildFile; fileRef = BA1F6E942ADB2FEF002683F9 /* TestFactories.swift */; };
		BA35050E2ADAE44F00B7443C /* AccountModelFactory.swift in Sources */ = {isa = PBXBuildFile; fileRef = BA4206B12AD0B83100772934 /* AccountModelFactory.swift */; };
		BA35050F2ADAF3B300B7443C /* TestExtensions.swift in Sources */ = {isa = PBXBuildFile; fileRef = BA4206AA2AD0B67E00772934 /* TestExtensions.swift */; };
		BA3505112ADAFD7C00B7443C /* LoadingView.swift in Sources */ = {isa = PBXBuildFile; fileRef = BA3505102ADAFD7C00B7443C /* LoadingView.swift */; };
		BA4206AB2AD0B67E00772934 /* TestExtensions.swift in Sources */ = {isa = PBXBuildFile; fileRef = BA4206AA2AD0B67E00772934 /* TestExtensions.swift */; };
		BA4206AD2AD0B6E400772934 /* TestsFactorys.swift in Sources */ = {isa = PBXBuildFile; fileRef = BA4206AC2AD0B6E400772934 /* TestsFactorys.swift */; };
		BA4206B02AD0B7C700772934 /* HttpClientSpy.swift in Sources */ = {isa = PBXBuildFile; fileRef = BA4206AF2AD0B7C700772934 /* HttpClientSpy.swift */; };
		BA4206B22AD0B83100772934 /* AccountModelFactory.swift in Sources */ = {isa = PBXBuildFile; fileRef = BA4206B12AD0B83100772934 /* AccountModelFactory.swift */; };
		BA4206C02AD1876F00772934 /* Infra.framework in Frameworks */ = {isa = PBXBuildFile; fileRef = BA4206B82AD1876F00772934 /* Infra.framework */; };
		BA4206C52AD1876F00772934 /* AlamofireAdapterTest.swift in Sources */ = {isa = PBXBuildFile; fileRef = BA4206C42AD1876F00772934 /* AlamofireAdapterTest.swift */; };
		BA4206E22AD19A7100772934 /* Alamofire in Frameworks */ = {isa = PBXBuildFile; productRef = BA4206E12AD19A7100772934 /* Alamofire */; };
		BA4206E32AD19D5D00772934 /* TestsFactorys.swift in Sources */ = {isa = PBXBuildFile; fileRef = BA4206AC2AD0B6E400772934 /* TestsFactorys.swift */; };
		BA52CB892ADB33FC007F69AB /* iOSUI.framework in Frameworks */ = {isa = PBXBuildFile; fileRef = BA52CB812ADB33FB007F69AB /* iOSUI.framework */; };
		BA52CB8E2ADB33FC007F69AB /* SignUpViewControllerTests.swift in Sources */ = {isa = PBXBuildFile; fileRef = BA52CB8D2ADB33FC007F69AB /* SignUpViewControllerTests.swift */; };
		BA87AB842AD2FF1D00CD2F07 /* AddAccountIntegrationTests.swift in Sources */ = {isa = PBXBuildFile; fileRef = BA87AB832AD2FF1D00CD2F07 /* AddAccountIntegrationTests.swift */; };
		BA87AB852AD2FF1D00CD2F07 /* Data.framework in Frameworks */ = {isa = PBXBuildFile; fileRef = BACFD8DB2ACF6DB90016FA0C /* Data.framework */; };
		BAC278842ADAC5D1004E5795 /* SignUpPresenter.swift in Sources */ = {isa = PBXBuildFile; fileRef = BAC278832ADAC5D1004E5795 /* SignUpPresenter.swift */; };
		BAC278872ADAC6E2004E5795 /* AlertView.swift in Sources */ = {isa = PBXBuildFile; fileRef = BAC278862ADAC6E2004E5795 /* AlertView.swift */; };
		BAC2788E2ADACBBC004E5795 /* EmailValidator.swift in Sources */ = {isa = PBXBuildFile; fileRef = BAC2788D2ADACBBC004E5795 /* EmailValidator.swift */; };
		BAC6BE932AD2E4D7003E3288 /* AlamofireAdapter.swift in Sources */ = {isa = PBXBuildFile; fileRef = BAC6BE922AD2E4D7003E3288 /* AlamofireAdapter.swift */; };
		BAC6BE972AD2E9EC003E3288 /* URLProtocolStub.swift in Sources */ = {isa = PBXBuildFile; fileRef = BAC6BE962AD2E9EC003E3288 /* URLProtocolStub.swift */; };
		BACFD8D22ACF6AED0016FA0C /* AddAccount.swift in Sources */ = {isa = PBXBuildFile; fileRef = BACFD8D12ACF6AED0016FA0C /* AddAccount.swift */; };
		BACFD8D42ACF6CDF0016FA0C /* AccountModel.swift in Sources */ = {isa = PBXBuildFile; fileRef = BACFD8D32ACF6CDF0016FA0C /* AccountModel.swift */; };
		BACFD8E32ACF6DB90016FA0C /* Data.framework in Frameworks */ = {isa = PBXBuildFile; fileRef = BACFD8DB2ACF6DB90016FA0C /* Data.framework */; };
		BACFD8E82ACF6DB90016FA0C /* RemoteAddAccountTests.swift in Sources */ = {isa = PBXBuildFile; fileRef = BACFD8E72ACF6DB90016FA0C /* RemoteAddAccountTests.swift */; };
		BACFD8F12ACF6DF50016FA0C /* Domain.framework in Frameworks */ = {isa = PBXBuildFile; fileRef = BACFD8CA2ACF52030016FA0C /* Domain.framework */; };
		BACFD8F22ACF6DF50016FA0C /* Domain.framework in Embed Frameworks */ = {isa = PBXBuildFile; fileRef = BACFD8CA2ACF52030016FA0C /* Domain.framework */; settings = {ATTRIBUTES = (CodeSignOnCopy, RemoveHeadersOnCopy, ); }; };
		BACFD8FA2ACFAAC80016FA0C /* Model.swift in Sources */ = {isa = PBXBuildFile; fileRef = BACFD8F92ACFAAC80016FA0C /* Model.swift */; };
		BACFD8FC2ACFAD1E0016FA0C /* RemoteAddAccount.swift in Sources */ = {isa = PBXBuildFile; fileRef = BACFD8FB2ACFAD1E0016FA0C /* RemoteAddAccount.swift */; };
		BACFD8FE2ACFAD5D0016FA0C /* HttpPostClient.swift in Sources */ = {isa = PBXBuildFile; fileRef = BACFD8FD2ACFAD5D0016FA0C /* HttpPostClient.swift */; };
		BACFD9062ACFB6B90016FA0C /* DomainError.swift in Sources */ = {isa = PBXBuildFile; fileRef = BACFD9052ACFB6B90016FA0C /* DomainError.swift */; };
		BACFD9082ACFB93A0016FA0C /* HttpError.swift in Sources */ = {isa = PBXBuildFile; fileRef = BACFD9072ACFB93A0016FA0C /* HttpError.swift */; };
		BACFD90B2ACFC6A60016FA0C /* ExtensionHelpers.swift in Sources */ = {isa = PBXBuildFile; fileRef = BACFD90A2ACFC6A60016FA0C /* ExtensionHelpers.swift */; };
		BACFDF2C2ADB3FFC00A53949 /* SignUpViewController.swift in Sources */ = {isa = PBXBuildFile; fileRef = BACFDF2B2ADB3FFC00A53949 /* SignUpViewController.swift */; };
		BACFDF2E2ADB404600A53949 /* SignUp.storyboard in Resources */ = {isa = PBXBuildFile; fileRef = BACFDF2D2ADB404600A53949 /* SignUp.storyboard */; };
		BACFDF2F2ADB42B800A53949 /* Presentation.framework in Frameworks */ = {isa = PBXBuildFile; fileRef = BA162D5B2ADAAFE70012C414 /* Presentation.framework */; };
		BACFDF302ADB42B800A53949 /* Presentation.framework in Embed Frameworks */ = {isa = PBXBuildFile; fileRef = BA162D5B2ADAAFE70012C414 /* Presentation.framework */; settings = {ATTRIBUTES = (CodeSignOnCopy, RemoveHeadersOnCopy, ); }; };
		BAD46E362AD1E51A00D79782 /* TestExtensions.swift in Sources */ = {isa = PBXBuildFile; fileRef = BA4206AA2AD0B67E00772934 /* TestExtensions.swift */; };
/* End PBXBuildFile section */

/* Begin PBXContainerItemProxy section */
		BA162D642ADAAFE80012C414 /* PBXContainerItemProxy */ = {
			isa = PBXContainerItemProxy;
			containerPortal = BACFD8B22ACF50C50016FA0C /* Project object */;
			proxyType = 1;
			remoteGlobalIDString = BA162D5A2ADAAFE70012C414;
			remoteInfo = Presentation;
		};
		BA4206C12AD1876F00772934 /* PBXContainerItemProxy */ = {
			isa = PBXContainerItemProxy;
			containerPortal = BACFD8B22ACF50C50016FA0C /* Project object */;
			proxyType = 1;
			remoteGlobalIDString = BA4206B72AD1876F00772934;
			remoteInfo = Infra;
		};
		BA52CB8A2ADB33FC007F69AB /* PBXContainerItemProxy */ = {
			isa = PBXContainerItemProxy;
			containerPortal = BACFD8B22ACF50C50016FA0C /* Project object */;
			proxyType = 1;
			remoteGlobalIDString = BA52CB802ADB33FB007F69AB;
			remoteInfo = iOSUI;
		};
		BA87AB862AD2FF1D00CD2F07 /* PBXContainerItemProxy */ = {
			isa = PBXContainerItemProxy;
			containerPortal = BACFD8B22ACF50C50016FA0C /* Project object */;
			proxyType = 1;
			remoteGlobalIDString = BACFD8DA2ACF6DB90016FA0C;
			remoteInfo = Data;
		};
		BA87AB8B2AD2FF6700CD2F07 /* PBXContainerItemProxy */ = {
			isa = PBXContainerItemProxy;
			containerPortal = BACFD8B22ACF50C50016FA0C /* Project object */;
			proxyType = 1;
			remoteGlobalIDString = BACFD8C92ACF52030016FA0C;
			remoteInfo = Domain;
		};
		BA87AB8D2AD2FF6700CD2F07 /* PBXContainerItemProxy */ = {
			isa = PBXContainerItemProxy;
			containerPortal = BACFD8B22ACF50C50016FA0C /* Project object */;
			proxyType = 1;
			remoteGlobalIDString = BA4206B72AD1876F00772934;
			remoteInfo = Infra;
		};
		BACFD8E42ACF6DB90016FA0C /* PBXContainerItemProxy */ = {
			isa = PBXContainerItemProxy;
			containerPortal = BACFD8B22ACF50C50016FA0C /* Project object */;
			proxyType = 1;
			remoteGlobalIDString = BACFD8DA2ACF6DB90016FA0C;
			remoteInfo = Data;
		};
		BACFD8F32ACF6DF50016FA0C /* PBXContainerItemProxy */ = {
			isa = PBXContainerItemProxy;
			containerPortal = BACFD8B22ACF50C50016FA0C /* Project object */;
			proxyType = 1;
			remoteGlobalIDString = BACFD8C92ACF52030016FA0C;
			remoteInfo = Domain;
		};
		BACFDF312ADB42B900A53949 /* PBXContainerItemProxy */ = {
			isa = PBXContainerItemProxy;
			containerPortal = BACFD8B22ACF50C50016FA0C /* Project object */;
			proxyType = 1;
			remoteGlobalIDString = BA162D5A2ADAAFE70012C414;
			remoteInfo = Presentation;
		};
/* End PBXContainerItemProxy section */

/* Begin PBXCopyFilesBuildPhase section */
		BACFD8F52ACF6DF60016FA0C /* Embed Frameworks */ = {
			isa = PBXCopyFilesBuildPhase;
			buildActionMask = 2147483647;
			dstPath = "";
			dstSubfolderSpec = 10;
			files = (
				BACFD8F22ACF6DF50016FA0C /* Domain.framework in Embed Frameworks */,
			);
			name = "Embed Frameworks";
			runOnlyForDeploymentPostprocessing = 0;
		};
		BACFDF332ADB42B900A53949 /* Embed Frameworks */ = {
			isa = PBXCopyFilesBuildPhase;
			buildActionMask = 2147483647;
			dstPath = "";
			dstSubfolderSpec = 10;
			files = (
				BACFDF302ADB42B800A53949 /* Presentation.framework in Embed Frameworks */,
			);
			name = "Embed Frameworks";
			runOnlyForDeploymentPostprocessing = 0;
		};
/* End PBXCopyFilesBuildPhase section */

/* Begin PBXFileReference section */
		BA162D5B2ADAAFE70012C414 /* Presentation.framework */ = {isa = PBXFileReference; explicitFileType = wrapper.framework; includeInIndex = 0; path = Presentation.framework; sourceTree = BUILT_PRODUCTS_DIR; };
		BA162D622ADAAFE70012C414 /* PresentationTests.xctest */ = {isa = PBXFileReference; explicitFileType = wrapper.cfbundle; includeInIndex = 0; path = PresentationTests.xctest; sourceTree = BUILT_PRODUCTS_DIR; };
		BA162D672ADAAFE80012C414 /* SignUpPresenterTest.swift */ = {isa = PBXFileReference; lastKnownFileType = sourcecode.swift; path = SignUpPresenterTest.swift; sourceTree = "<group>"; };
		BA1F6E832ADB29F2002683F9 /* SignUpMapper.swift */ = {isa = PBXFileReference; lastKnownFileType = sourcecode.swift; path = SignUpMapper.swift; sourceTree = "<group>"; };
		BA1F6E852ADB2A9C002683F9 /* SignUpViewModel.swift */ = {isa = PBXFileReference; lastKnownFileType = sourcecode.swift; path = SignUpViewModel.swift; sourceTree = "<group>"; };
		BA1F6E892ADB2D04002683F9 /* AlertViewSpy.swift */ = {isa = PBXFileReference; lastKnownFileType = sourcecode.swift; path = AlertViewSpy.swift; sourceTree = "<group>"; };
		BA1F6E8B2ADB2DD2002683F9 /* LoadingViewSpy.swift */ = {isa = PBXFileReference; lastKnownFileType = sourcecode.swift; path = LoadingViewSpy.swift; sourceTree = "<group>"; };
		BA1F6E8D2ADB2E05002683F9 /* EmailValidatorSpy.swift */ = {isa = PBXFileReference; lastKnownFileType = sourcecode.swift; path = EmailValidatorSpy.swift; sourceTree = "<group>"; };
		BA1F6E8F2ADB2E38002683F9 /* AddAccountSpy.swift */ = {isa = PBXFileReference; lastKnownFileType = sourcecode.swift; path = AddAccountSpy.swift; sourceTree = "<group>"; };
		BA1F6E942ADB2FEF002683F9 /* TestFactories.swift */ = {isa = PBXFileReference; lastKnownFileType = sourcecode.swift; path = TestFactories.swift; sourceTree = "<group>"; };
		BA3505102ADAFD7C00B7443C /* LoadingView.swift */ = {isa = PBXFileReference; lastKnownFileType = sourcecode.swift; path = LoadingView.swift; sourceTree = "<group>"; };
		BA4206AA2AD0B67E00772934 /* TestExtensions.swift */ = {isa = PBXFileReference; lastKnownFileType = sourcecode.swift; path = TestExtensions.swift; sourceTree = "<group>"; };
		BA4206AC2AD0B6E400772934 /* TestsFactorys.swift */ = {isa = PBXFileReference; lastKnownFileType = sourcecode.swift; path = TestsFactorys.swift; sourceTree = "<group>"; };
		BA4206AF2AD0B7C700772934 /* HttpClientSpy.swift */ = {isa = PBXFileReference; lastKnownFileType = sourcecode.swift; path = HttpClientSpy.swift; sourceTree = "<group>"; };
		BA4206B12AD0B83100772934 /* AccountModelFactory.swift */ = {isa = PBXFileReference; lastKnownFileType = sourcecode.swift; path = AccountModelFactory.swift; sourceTree = "<group>"; };
		BA4206B82AD1876F00772934 /* Infra.framework */ = {isa = PBXFileReference; explicitFileType = wrapper.framework; includeInIndex = 0; path = Infra.framework; sourceTree = BUILT_PRODUCTS_DIR; };
		BA4206BF2AD1876F00772934 /* InfraTests.xctest */ = {isa = PBXFileReference; explicitFileType = wrapper.cfbundle; includeInIndex = 0; path = InfraTests.xctest; sourceTree = BUILT_PRODUCTS_DIR; };
		BA4206C42AD1876F00772934 /* AlamofireAdapterTest.swift */ = {isa = PBXFileReference; lastKnownFileType = sourcecode.swift; path = AlamofireAdapterTest.swift; sourceTree = "<group>"; };
		BA52CB812ADB33FB007F69AB /* iOSUI.framework */ = {isa = PBXFileReference; explicitFileType = wrapper.framework; includeInIndex = 0; path = iOSUI.framework; sourceTree = BUILT_PRODUCTS_DIR; };
		BA52CB882ADB33FC007F69AB /* iOSUITests.xctest */ = {isa = PBXFileReference; explicitFileType = wrapper.cfbundle; includeInIndex = 0; path = iOSUITests.xctest; sourceTree = BUILT_PRODUCTS_DIR; };
		BA52CB8D2ADB33FC007F69AB /* SignUpViewControllerTests.swift */ = {isa = PBXFileReference; lastKnownFileType = sourcecode.swift; path = SignUpViewControllerTests.swift; sourceTree = "<group>"; };
		BA87AB812AD2FF1D00CD2F07 /* UseCasesIntegrationTests.xctest */ = {isa = PBXFileReference; explicitFileType = wrapper.cfbundle; includeInIndex = 0; path = UseCasesIntegrationTests.xctest; sourceTree = BUILT_PRODUCTS_DIR; };
		BA87AB832AD2FF1D00CD2F07 /* AddAccountIntegrationTests.swift */ = {isa = PBXFileReference; lastKnownFileType = sourcecode.swift; path = AddAccountIntegrationTests.swift; sourceTree = "<group>"; };
		BAC278832ADAC5D1004E5795 /* SignUpPresenter.swift */ = {isa = PBXFileReference; lastKnownFileType = sourcecode.swift; path = SignUpPresenter.swift; sourceTree = "<group>"; };
		BAC278862ADAC6E2004E5795 /* AlertView.swift */ = {isa = PBXFileReference; lastKnownFileType = sourcecode.swift; path = AlertView.swift; sourceTree = "<group>"; };
		BAC2788D2ADACBBC004E5795 /* EmailValidator.swift */ = {isa = PBXFileReference; lastKnownFileType = sourcecode.swift; path = EmailValidator.swift; sourceTree = "<group>"; };
		BAC6BE922AD2E4D7003E3288 /* AlamofireAdapter.swift */ = {isa = PBXFileReference; lastKnownFileType = sourcecode.swift; path = AlamofireAdapter.swift; sourceTree = "<group>"; };
		BAC6BE962AD2E9EC003E3288 /* URLProtocolStub.swift */ = {isa = PBXFileReference; lastKnownFileType = sourcecode.swift; path = URLProtocolStub.swift; sourceTree = "<group>"; };
		BACFD8CA2ACF52030016FA0C /* Domain.framework */ = {isa = PBXFileReference; explicitFileType = wrapper.framework; includeInIndex = 0; path = Domain.framework; sourceTree = BUILT_PRODUCTS_DIR; };
		BACFD8D12ACF6AED0016FA0C /* AddAccount.swift */ = {isa = PBXFileReference; lastKnownFileType = sourcecode.swift; path = AddAccount.swift; sourceTree = "<group>"; };
		BACFD8D32ACF6CDF0016FA0C /* AccountModel.swift */ = {isa = PBXFileReference; lastKnownFileType = sourcecode.swift; path = AccountModel.swift; sourceTree = "<group>"; };
		BACFD8DB2ACF6DB90016FA0C /* Data.framework */ = {isa = PBXFileReference; explicitFileType = wrapper.framework; includeInIndex = 0; path = Data.framework; sourceTree = BUILT_PRODUCTS_DIR; };
		BACFD8E22ACF6DB90016FA0C /* DataTests.xctest */ = {isa = PBXFileReference; explicitFileType = wrapper.cfbundle; includeInIndex = 0; path = DataTests.xctest; sourceTree = BUILT_PRODUCTS_DIR; };
		BACFD8E72ACF6DB90016FA0C /* RemoteAddAccountTests.swift */ = {isa = PBXFileReference; lastKnownFileType = sourcecode.swift; path = RemoteAddAccountTests.swift; sourceTree = "<group>"; };
		BACFD8F92ACFAAC80016FA0C /* Model.swift */ = {isa = PBXFileReference; lastKnownFileType = sourcecode.swift; path = Model.swift; sourceTree = "<group>"; };
		BACFD8FB2ACFAD1E0016FA0C /* RemoteAddAccount.swift */ = {isa = PBXFileReference; lastKnownFileType = sourcecode.swift; path = RemoteAddAccount.swift; sourceTree = "<group>"; };
		BACFD8FD2ACFAD5D0016FA0C /* HttpPostClient.swift */ = {isa = PBXFileReference; lastKnownFileType = sourcecode.swift; path = HttpPostClient.swift; sourceTree = "<group>"; };
		BACFD9052ACFB6B90016FA0C /* DomainError.swift */ = {isa = PBXFileReference; lastKnownFileType = sourcecode.swift; path = DomainError.swift; sourceTree = "<group>"; };
		BACFD9072ACFB93A0016FA0C /* HttpError.swift */ = {isa = PBXFileReference; lastKnownFileType = sourcecode.swift; path = HttpError.swift; sourceTree = "<group>"; };
		BACFD90A2ACFC6A60016FA0C /* ExtensionHelpers.swift */ = {isa = PBXFileReference; lastKnownFileType = sourcecode.swift; path = ExtensionHelpers.swift; sourceTree = "<group>"; };
		BACFDF2B2ADB3FFC00A53949 /* SignUpViewController.swift */ = {isa = PBXFileReference; lastKnownFileType = sourcecode.swift; path = SignUpViewController.swift; sourceTree = "<group>"; };
		BACFDF2D2ADB404600A53949 /* SignUp.storyboard */ = {isa = PBXFileReference; lastKnownFileType = file.storyboard; path = SignUp.storyboard; sourceTree = "<group>"; };
/* End PBXFileReference section */

/* Begin PBXFrameworksBuildPhase section */
		BA162D582ADAAFE70012C414 /* Frameworks */ = {
			isa = PBXFrameworksBuildPhase;
			buildActionMask = 2147483647;
			files = (
			);
			runOnlyForDeploymentPostprocessing = 0;
		};
		BA162D5F2ADAAFE70012C414 /* Frameworks */ = {
			isa = PBXFrameworksBuildPhase;
			buildActionMask = 2147483647;
			files = (
				BA162D632ADAAFE80012C414 /* Presentation.framework in Frameworks */,
			);
			runOnlyForDeploymentPostprocessing = 0;
		};
		BA4206B52AD1876F00772934 /* Frameworks */ = {
			isa = PBXFrameworksBuildPhase;
			buildActionMask = 2147483647;
			files = (
				BA4206E22AD19A7100772934 /* Alamofire in Frameworks */,
			);
			runOnlyForDeploymentPostprocessing = 0;
		};
		BA4206BC2AD1876F00772934 /* Frameworks */ = {
			isa = PBXFrameworksBuildPhase;
			buildActionMask = 2147483647;
			files = (
				BA4206C02AD1876F00772934 /* Infra.framework in Frameworks */,
			);
			runOnlyForDeploymentPostprocessing = 0;
		};
		BA52CB7E2ADB33FB007F69AB /* Frameworks */ = {
			isa = PBXFrameworksBuildPhase;
			buildActionMask = 2147483647;
			files = (
				BACFDF2F2ADB42B800A53949 /* Presentation.framework in Frameworks */,
			);
			runOnlyForDeploymentPostprocessing = 0;
		};
		BA52CB852ADB33FC007F69AB /* Frameworks */ = {
			isa = PBXFrameworksBuildPhase;
			buildActionMask = 2147483647;
			files = (
				BA52CB892ADB33FC007F69AB /* iOSUI.framework in Frameworks */,
			);
			runOnlyForDeploymentPostprocessing = 0;
		};
		BA87AB7E2AD2FF1D00CD2F07 /* Frameworks */ = {
			isa = PBXFrameworksBuildPhase;
			buildActionMask = 2147483647;
			files = (
				BA87AB852AD2FF1D00CD2F07 /* Data.framework in Frameworks */,
			);
			runOnlyForDeploymentPostprocessing = 0;
		};
		BACFD8C72ACF52030016FA0C /* Frameworks */ = {
			isa = PBXFrameworksBuildPhase;
			buildActionMask = 2147483647;
			files = (
			);
			runOnlyForDeploymentPostprocessing = 0;
		};
		BACFD8D82ACF6DB90016FA0C /* Frameworks */ = {
			isa = PBXFrameworksBuildPhase;
			buildActionMask = 2147483647;
			files = (
				BACFD8F12ACF6DF50016FA0C /* Domain.framework in Frameworks */,
			);
			runOnlyForDeploymentPostprocessing = 0;
		};
		BACFD8DF2ACF6DB90016FA0C /* Frameworks */ = {
			isa = PBXFrameworksBuildPhase;
			buildActionMask = 2147483647;
			files = (
				BACFD8E32ACF6DB90016FA0C /* Data.framework in Frameworks */,
			);
			runOnlyForDeploymentPostprocessing = 0;
		};
/* End PBXFrameworksBuildPhase section */

/* Begin PBXGroup section */
		BA162D5C2ADAAFE70012C414 /* Presentation */ = {
			isa = PBXGroup;
			children = (
				BAC278852ADAC6CC004E5795 /* Views */,
				BAC2788A2ADAC75D004E5795 /* Presenters */,
			);
			path = Presentation;
			sourceTree = "<group>";
		};
		BA162D662ADAAFE80012C414 /* PresentationTests */ = {
			isa = PBXGroup;
			children = (
				BA1F6E932ADB2FBB002683F9 /* Helpers */,
				BA1F6E922ADB2EFE002683F9 /* Validators */,
				BA1F6E912ADB2EA2002683F9 /* UseCases */,
				BA1F6E882ADB2CEE002683F9 /* Views */,
				BAC2788B2ADAC957004E5795 /* Presenters */,
			);
			path = PresentationTests;
			sourceTree = "<group>";
		};
		BA1F6E822ADB29B8002683F9 /* SignUp */ = {
			isa = PBXGroup;
			children = (
				BAC278832ADAC5D1004E5795 /* SignUpPresenter.swift */,
				BA1F6E832ADB29F2002683F9 /* SignUpMapper.swift */,
				BA1F6E852ADB2A9C002683F9 /* SignUpViewModel.swift */,
			);
			path = SignUp;
			sourceTree = "<group>";
		};
		BA1F6E872ADB2C7C002683F9 /* SignUp */ = {
			isa = PBXGroup;
			children = (
			);
			path = SignUp;
			sourceTree = "<group>";
		};
		BA1F6E882ADB2CEE002683F9 /* Views */ = {
			isa = PBXGroup;
			children = (
				BA1F6E892ADB2D04002683F9 /* AlertViewSpy.swift */,
				BA1F6E8B2ADB2DD2002683F9 /* LoadingViewSpy.swift */,
			);
			path = Views;
			sourceTree = "<group>";
		};
		BA1F6E912ADB2EA2002683F9 /* UseCases */ = {
			isa = PBXGroup;
			children = (
				BA1F6E8F2ADB2E38002683F9 /* AddAccountSpy.swift */,
			);
			path = UseCases;
			sourceTree = "<group>";
		};
		BA1F6E922ADB2EFE002683F9 /* Validators */ = {
			isa = PBXGroup;
			children = (
				BA1F6E8D2ADB2E05002683F9 /* EmailValidatorSpy.swift */,
			);
			path = Validators;
			sourceTree = "<group>";
		};
		BA1F6E932ADB2FBB002683F9 /* Helpers */ = {
			isa = PBXGroup;
			children = (
				BA1F6E942ADB2FEF002683F9 /* TestFactories.swift */,
			);
			path = Helpers;
			sourceTree = "<group>";
		};
		BA4206A92AD0B64500772934 /* Helpers */ = {
			isa = PBXGroup;
			children = (
				BA4206AA2AD0B67E00772934 /* TestExtensions.swift */,
				BA4206AC2AD0B6E400772934 /* TestsFactorys.swift */,
				BA4206B12AD0B83100772934 /* AccountModelFactory.swift */,
			);
			path = Helpers;
			sourceTree = "<group>";
		};
		BA4206AE2AD0B75500772934 /* Http */ = {
			isa = PBXGroup;
			children = (
				BA4206AF2AD0B7C700772934 /* HttpClientSpy.swift */,
			);
			path = Http;
			sourceTree = "<group>";
		};
		BA4206B92AD1876F00772934 /* Infra */ = {
			isa = PBXGroup;
			children = (
				BAC6BE942AD2E8DD003E3288 /* Http */,
			);
			path = Infra;
			sourceTree = "<group>";
		};
		BA4206C32AD1876F00772934 /* InfraTests */ = {
			isa = PBXGroup;
			children = (
				BAC6BE952AD2E8E8003E3288 /* Http */,
			);
			path = InfraTests;
			sourceTree = "<group>";
		};
		BA52CB822ADB33FC007F69AB /* iOSUI */ = {
			isa = PBXGroup;
			children = (
				BACFDF2B2ADB3FFC00A53949 /* SignUpViewController.swift */,
				BACFDF2D2ADB404600A53949 /* SignUp.storyboard */,
			);
			path = iOSUI;
			sourceTree = "<group>";
		};
		BA52CB8C2ADB33FC007F69AB /* iOSUITests */ = {
			isa = PBXGroup;
			children = (
				BA52CB8D2ADB33FC007F69AB /* SignUpViewControllerTests.swift */,
			);
			path = iOSUITests;
			sourceTree = "<group>";
		};
		BA87AB822AD2FF1D00CD2F07 /* UseCasesIntegrationTests */ = {
			isa = PBXGroup;
			children = (
				BA87AB832AD2FF1D00CD2F07 /* AddAccountIntegrationTests.swift */,
			);
			path = UseCasesIntegrationTests;
			sourceTree = "<group>";
		};
		BAC278852ADAC6CC004E5795 /* Views */ = {
			isa = PBXGroup;
			children = (
				BAC278862ADAC6E2004E5795 /* AlertView.swift */,
				BA3505102ADAFD7C00B7443C /* LoadingView.swift */,
			);
			path = Views;
			sourceTree = "<group>";
		};
		BAC2788A2ADAC75D004E5795 /* Presenters */ = {
			isa = PBXGroup;
			children = (
				BAC2788C2ADACBAD004E5795 /* Validators */,
				BA1F6E822ADB29B8002683F9 /* SignUp */,
			);
			path = Presenters;
			sourceTree = "<group>";
		};
		BAC2788B2ADAC957004E5795 /* Presenters */ = {
			isa = PBXGroup;
			children = (
				BA1F6E872ADB2C7C002683F9 /* SignUp */,
				BA162D672ADAAFE80012C414 /* SignUpPresenterTest.swift */,
			);
			path = Presenters;
			sourceTree = "<group>";
		};
		BAC2788C2ADACBAD004E5795 /* Validators */ = {
			isa = PBXGroup;
			children = (
				BAC2788D2ADACBBC004E5795 /* EmailValidator.swift */,
			);
			path = Validators;
			sourceTree = "<group>";
		};
		BAC6BE942AD2E8DD003E3288 /* Http */ = {
			isa = PBXGroup;
			children = (
				BAC6BE922AD2E4D7003E3288 /* AlamofireAdapter.swift */,
			);
			path = Http;
			sourceTree = "<group>";
		};
		BAC6BE952AD2E8E8003E3288 /* Http */ = {
			isa = PBXGroup;
			children = (
				BA4206C42AD1876F00772934 /* AlamofireAdapterTest.swift */,
				BAC6BE962AD2E9EC003E3288 /* URLProtocolStub.swift */,
			);
			path = Http;
			sourceTree = "<group>";
		};
		BACFD8B12ACF50C50016FA0C = {
			isa = PBXGroup;
			children = (
				BACFD8CB2ACF52030016FA0C /* Domain */,
				BACFD8DC2ACF6DB90016FA0C /* Data */,
				BACFD8E62ACF6DB90016FA0C /* DataTests */,
				BA4206B92AD1876F00772934 /* Infra */,
				BA4206C32AD1876F00772934 /* InfraTests */,
				BA87AB822AD2FF1D00CD2F07 /* UseCasesIntegrationTests */,
				BA162D5C2ADAAFE70012C414 /* Presentation */,
				BA162D662ADAAFE80012C414 /* PresentationTests */,
				BA52CB822ADB33FC007F69AB /* iOSUI */,
				BA52CB8C2ADB33FC007F69AB /* iOSUITests */,
				BACFD8BC2ACF50C50016FA0C /* Products */,
				BACFD8F02ACF6DF50016FA0C /* Frameworks */,
			);
			sourceTree = "<group>";
		};
		BACFD8BC2ACF50C50016FA0C /* Products */ = {
			isa = PBXGroup;
			children = (
				BACFD8CA2ACF52030016FA0C /* Domain.framework */,
				BACFD8DB2ACF6DB90016FA0C /* Data.framework */,
				BACFD8E22ACF6DB90016FA0C /* DataTests.xctest */,
				BA4206B82AD1876F00772934 /* Infra.framework */,
				BA4206BF2AD1876F00772934 /* InfraTests.xctest */,
				BA87AB812AD2FF1D00CD2F07 /* UseCasesIntegrationTests.xctest */,
				BA162D5B2ADAAFE70012C414 /* Presentation.framework */,
				BA162D622ADAAFE70012C414 /* PresentationTests.xctest */,
				BA52CB812ADB33FB007F69AB /* iOSUI.framework */,
				BA52CB882ADB33FC007F69AB /* iOSUITests.xctest */,
			);
			name = Products;
			sourceTree = "<group>";
		};
		BACFD8CB2ACF52030016FA0C /* Domain */ = {
			isa = PBXGroup;
			children = (
				BACFD9042ACFB69F0016FA0C /* Errors */,
				BACFD8FF2ACFAE140016FA0C /* UseCases */,
				BACFD9002ACFAE2A0016FA0C /* Models */,
			);
			path = Domain;
			sourceTree = "<group>";
		};
		BACFD8DC2ACF6DB90016FA0C /* Data */ = {
			isa = PBXGroup;
			children = (
				BACFD9092ACFC67F0016FA0C /* Helpers */,
				BACFD9012ACFAE3F0016FA0C /* UseCases */,
				BACFD9022ACFAE4D0016FA0C /* Http */,
			);
			path = Data;
			sourceTree = "<group>";
		};
		BACFD8E62ACF6DB90016FA0C /* DataTests */ = {
			isa = PBXGroup;
			children = (
				BA4206A92AD0B64500772934 /* Helpers */,
				BACFD9032ACFAE650016FA0C /* UseCases */,
				BA4206AE2AD0B75500772934 /* Http */,
			);
			path = DataTests;
			sourceTree = "<group>";
		};
		BACFD8F02ACF6DF50016FA0C /* Frameworks */ = {
			isa = PBXGroup;
			children = (
			);
			name = Frameworks;
			sourceTree = "<group>";
		};
		BACFD8FF2ACFAE140016FA0C /* UseCases */ = {
			isa = PBXGroup;
			children = (
				BACFD8D12ACF6AED0016FA0C /* AddAccount.swift */,
			);
			path = UseCases;
			sourceTree = "<group>";
		};
		BACFD9002ACFAE2A0016FA0C /* Models */ = {
			isa = PBXGroup;
			children = (
				BACFD8D32ACF6CDF0016FA0C /* AccountModel.swift */,
				BACFD8F92ACFAAC80016FA0C /* Model.swift */,
			);
			path = Models;
			sourceTree = "<group>";
		};
		BACFD9012ACFAE3F0016FA0C /* UseCases */ = {
			isa = PBXGroup;
			children = (
				BACFD8FB2ACFAD1E0016FA0C /* RemoteAddAccount.swift */,
			);
			path = UseCases;
			sourceTree = "<group>";
		};
		BACFD9022ACFAE4D0016FA0C /* Http */ = {
			isa = PBXGroup;
			children = (
				BACFD8FD2ACFAD5D0016FA0C /* HttpPostClient.swift */,
				BACFD9072ACFB93A0016FA0C /* HttpError.swift */,
			);
			path = Http;
			sourceTree = "<group>";
		};
		BACFD9032ACFAE650016FA0C /* UseCases */ = {
			isa = PBXGroup;
			children = (
				BACFD8E72ACF6DB90016FA0C /* RemoteAddAccountTests.swift */,
			);
			path = UseCases;
			sourceTree = "<group>";
		};
		BACFD9042ACFB69F0016FA0C /* Errors */ = {
			isa = PBXGroup;
			children = (
				BACFD9052ACFB6B90016FA0C /* DomainError.swift */,
			);
			path = Errors;
			sourceTree = "<group>";
		};
		BACFD9092ACFC67F0016FA0C /* Helpers */ = {
			isa = PBXGroup;
			children = (
				BACFD90A2ACFC6A60016FA0C /* ExtensionHelpers.swift */,
			);
			path = Helpers;
			sourceTree = "<group>";
		};
/* End PBXGroup section */

/* Begin PBXHeadersBuildPhase section */
		BA162D562ADAAFE70012C414 /* Headers */ = {
			isa = PBXHeadersBuildPhase;
			buildActionMask = 2147483647;
			files = (
			);
			runOnlyForDeploymentPostprocessing = 0;
		};
		BA4206B32AD1876F00772934 /* Headers */ = {
			isa = PBXHeadersBuildPhase;
			buildActionMask = 2147483647;
			files = (
			);
			runOnlyForDeploymentPostprocessing = 0;
		};
		BA52CB7C2ADB33FB007F69AB /* Headers */ = {
			isa = PBXHeadersBuildPhase;
			buildActionMask = 2147483647;
			files = (
			);
			runOnlyForDeploymentPostprocessing = 0;
		};
		BACFD8C52ACF52030016FA0C /* Headers */ = {
			isa = PBXHeadersBuildPhase;
			buildActionMask = 2147483647;
			files = (
			);
			runOnlyForDeploymentPostprocessing = 0;
		};
		BACFD8D62ACF6DB90016FA0C /* Headers */ = {
			isa = PBXHeadersBuildPhase;
			buildActionMask = 2147483647;
			files = (
			);
			runOnlyForDeploymentPostprocessing = 0;
		};
/* End PBXHeadersBuildPhase section */

/* Begin PBXNativeTarget section */
		BA162D5A2ADAAFE70012C414 /* Presentation */ = {
			isa = PBXNativeTarget;
			buildConfigurationList = BA162D6E2ADAAFE80012C414 /* Build configuration list for PBXNativeTarget "Presentation" */;
			buildPhases = (
				BA162D562ADAAFE70012C414 /* Headers */,
				BA162D572ADAAFE70012C414 /* Sources */,
				BA162D582ADAAFE70012C414 /* Frameworks */,
				BA162D592ADAAFE70012C414 /* Resources */,
			);
			buildRules = (
			);
			dependencies = (
			);
			name = Presentation;
			productName = Presentation;
			productReference = BA162D5B2ADAAFE70012C414 /* Presentation.framework */;
			productType = "com.apple.product-type.framework";
		};
		BA162D612ADAAFE70012C414 /* PresentationTests */ = {
			isa = PBXNativeTarget;
			buildConfigurationList = BA162D6F2ADAAFE80012C414 /* Build configuration list for PBXNativeTarget "PresentationTests" */;
			buildPhases = (
				BA162D5E2ADAAFE70012C414 /* Sources */,
				BA162D5F2ADAAFE70012C414 /* Frameworks */,
				BA162D602ADAAFE70012C414 /* Resources */,
			);
			buildRules = (
			);
			dependencies = (
				BA162D652ADAAFE80012C414 /* PBXTargetDependency */,
			);
			name = PresentationTests;
			productName = PresentationTests;
			productReference = BA162D622ADAAFE70012C414 /* PresentationTests.xctest */;
			productType = "com.apple.product-type.bundle.unit-test";
		};
		BA4206B72AD1876F00772934 /* Infra */ = {
			isa = PBXNativeTarget;
			buildConfigurationList = BA4206C72AD1876F00772934 /* Build configuration list for PBXNativeTarget "Infra" */;
			buildPhases = (
				BA4206B32AD1876F00772934 /* Headers */,
				BA4206B42AD1876F00772934 /* Sources */,
				BA4206B52AD1876F00772934 /* Frameworks */,
				BA4206B62AD1876F00772934 /* Resources */,
			);
			buildRules = (
			);
			dependencies = (
			);
			name = Infra;
			packageProductDependencies = (
				BA4206E12AD19A7100772934 /* Alamofire */,
			);
			productName = Infra;
			productReference = BA4206B82AD1876F00772934 /* Infra.framework */;
			productType = "com.apple.product-type.framework";
		};
		BA4206BE2AD1876F00772934 /* InfraTests */ = {
			isa = PBXNativeTarget;
			buildConfigurationList = BA4206CA2AD1876F00772934 /* Build configuration list for PBXNativeTarget "InfraTests" */;
			buildPhases = (
				BA4206BB2AD1876F00772934 /* Sources */,
				BA4206BC2AD1876F00772934 /* Frameworks */,
				BA4206BD2AD1876F00772934 /* Resources */,
			);
			buildRules = (
			);
			dependencies = (
				BA4206C22AD1876F00772934 /* PBXTargetDependency */,
			);
			name = InfraTests;
			productName = InfraTests;
			productReference = BA4206BF2AD1876F00772934 /* InfraTests.xctest */;
			productType = "com.apple.product-type.bundle.unit-test";
		};
		BA52CB802ADB33FB007F69AB /* iOSUI */ = {
			isa = PBXNativeTarget;
			buildConfigurationList = BA52CB942ADB33FC007F69AB /* Build configuration list for PBXNativeTarget "iOSUI" */;
			buildPhases = (
				BA52CB7C2ADB33FB007F69AB /* Headers */,
				BA52CB7D2ADB33FB007F69AB /* Sources */,
				BA52CB7E2ADB33FB007F69AB /* Frameworks */,
				BA52CB7F2ADB33FB007F69AB /* Resources */,
				BACFDF332ADB42B900A53949 /* Embed Frameworks */,
			);
			buildRules = (
			);
			dependencies = (
				BACFDF322ADB42B900A53949 /* PBXTargetDependency */,
			);
			name = iOSUI;
			productName = iOSUI;
			productReference = BA52CB812ADB33FB007F69AB /* iOSUI.framework */;
			productType = "com.apple.product-type.framework";
		};
		BA52CB872ADB33FC007F69AB /* iOSUITests */ = {
			isa = PBXNativeTarget;
			buildConfigurationList = BA52CB952ADB33FC007F69AB /* Build configuration list for PBXNativeTarget "iOSUITests" */;
			buildPhases = (
				BA52CB842ADB33FC007F69AB /* Sources */,
				BA52CB852ADB33FC007F69AB /* Frameworks */,
				BA52CB862ADB33FC007F69AB /* Resources */,
			);
			buildRules = (
			);
			dependencies = (
				BA52CB8B2ADB33FC007F69AB /* PBXTargetDependency */,
			);
			name = iOSUITests;
			productName = iOSUITests;
			productReference = BA52CB882ADB33FC007F69AB /* iOSUITests.xctest */;
			productType = "com.apple.product-type.bundle.unit-test";
		};
		BA87AB802AD2FF1D00CD2F07 /* UseCasesIntegrationTests */ = {
			isa = PBXNativeTarget;
			buildConfigurationList = BA87AB8A2AD2FF1D00CD2F07 /* Build configuration list for PBXNativeTarget "UseCasesIntegrationTests" */;
			buildPhases = (
				BA87AB7D2AD2FF1D00CD2F07 /* Sources */,
				BA87AB7E2AD2FF1D00CD2F07 /* Frameworks */,
				BA87AB7F2AD2FF1D00CD2F07 /* Resources */,
			);
			buildRules = (
			);
			dependencies = (
				BA87AB8C2AD2FF6700CD2F07 /* PBXTargetDependency */,
				BA87AB8E2AD2FF6700CD2F07 /* PBXTargetDependency */,
				BA87AB872AD2FF1D00CD2F07 /* PBXTargetDependency */,
			);
			name = UseCasesIntegrationTests;
			productName = UseCasesIntegrationTests;
			productReference = BA87AB812AD2FF1D00CD2F07 /* UseCasesIntegrationTests.xctest */;
			productType = "com.apple.product-type.bundle.unit-test";
		};
		BACFD8C92ACF52030016FA0C /* Domain */ = {
			isa = PBXNativeTarget;
			buildConfigurationList = BACFD8CE2ACF52030016FA0C /* Build configuration list for PBXNativeTarget "Domain" */;
			buildPhases = (
				BACFD8C52ACF52030016FA0C /* Headers */,
				BACFD8C62ACF52030016FA0C /* Sources */,
				BACFD8C72ACF52030016FA0C /* Frameworks */,
				BACFD8C82ACF52030016FA0C /* Resources */,
			);
			buildRules = (
			);
			dependencies = (
			);
			name = Domain;
			productName = Domain;
			productReference = BACFD8CA2ACF52030016FA0C /* Domain.framework */;
			productType = "com.apple.product-type.framework";
		};
		BACFD8DA2ACF6DB90016FA0C /* Data */ = {
			isa = PBXNativeTarget;
			buildConfigurationList = BACFD8EA2ACF6DBA0016FA0C /* Build configuration list for PBXNativeTarget "Data" */;
			buildPhases = (
				BACFD8D62ACF6DB90016FA0C /* Headers */,
				BACFD8D72ACF6DB90016FA0C /* Sources */,
				BACFD8D82ACF6DB90016FA0C /* Frameworks */,
				BACFD8D92ACF6DB90016FA0C /* Resources */,
				BACFD8F52ACF6DF60016FA0C /* Embed Frameworks */,
			);
			buildRules = (
			);
			dependencies = (
				BACFD8F42ACF6DF50016FA0C /* PBXTargetDependency */,
			);
			name = Data;
			productName = Data;
			productReference = BACFD8DB2ACF6DB90016FA0C /* Data.framework */;
			productType = "com.apple.product-type.framework";
		};
		BACFD8E12ACF6DB90016FA0C /* DataTests */ = {
			isa = PBXNativeTarget;
			buildConfigurationList = BACFD8ED2ACF6DBA0016FA0C /* Build configuration list for PBXNativeTarget "DataTests" */;
			buildPhases = (
				BACFD8DE2ACF6DB90016FA0C /* Sources */,
				BACFD8DF2ACF6DB90016FA0C /* Frameworks */,
				BACFD8E02ACF6DB90016FA0C /* Resources */,
			);
			buildRules = (
			);
			dependencies = (
				BACFD8E52ACF6DB90016FA0C /* PBXTargetDependency */,
			);
			name = DataTests;
			productName = DataTests;
			productReference = BACFD8E22ACF6DB90016FA0C /* DataTests.xctest */;
			productType = "com.apple.product-type.bundle.unit-test";
		};
/* End PBXNativeTarget section */

/* Begin PBXProject section */
		BACFD8B22ACF50C50016FA0C /* Project object */ = {
			isa = PBXProject;
			attributes = {
				BuildIndependentTargetsInParallel = 1;
				LastSwiftUpdateCheck = 1430;
				LastUpgradeCheck = 1430;
				TargetAttributes = {
					BA162D5A2ADAAFE70012C414 = {
						CreatedOnToolsVersion = 14.3;
						LastSwiftMigration = 1430;
					};
					BA162D612ADAAFE70012C414 = {
						CreatedOnToolsVersion = 14.3;
					};
					BA4206B72AD1876F00772934 = {
						CreatedOnToolsVersion = 14.3;
						LastSwiftMigration = 1430;
					};
					BA4206BE2AD1876F00772934 = {
						CreatedOnToolsVersion = 14.3;
					};
					BA52CB802ADB33FB007F69AB = {
						CreatedOnToolsVersion = 14.3;
						LastSwiftMigration = 1430;
					};
					BA52CB872ADB33FC007F69AB = {
						CreatedOnToolsVersion = 14.3;
					};
					BA87AB802AD2FF1D00CD2F07 = {
						CreatedOnToolsVersion = 14.3;
					};
					BACFD8C92ACF52030016FA0C = {
						CreatedOnToolsVersion = 14.3;
						LastSwiftMigration = 1430;
					};
					BACFD8DA2ACF6DB90016FA0C = {
						CreatedOnToolsVersion = 14.3;
						LastSwiftMigration = 1430;
					};
					BACFD8E12ACF6DB90016FA0C = {
						CreatedOnToolsVersion = 14.3;
					};
				};
			};
			buildConfigurationList = BACFD8B52ACF50C50016FA0C /* Build configuration list for PBXProject "CleanApp" */;
			compatibilityVersion = "Xcode 14.0";
			developmentRegion = en;
			hasScannedForEncodings = 0;
			knownRegions = (
				en,
				Base,
			);
			mainGroup = BACFD8B12ACF50C50016FA0C;
			packageReferences = (
				BA4206E02AD19A7100772934 /* XCRemoteSwiftPackageReference "Alamofire" */,
			);
			productRefGroup = BACFD8BC2ACF50C50016FA0C /* Products */;
			projectDirPath = "";
			projectRoot = "";
			targets = (
				BACFD8C92ACF52030016FA0C /* Domain */,
				BACFD8DA2ACF6DB90016FA0C /* Data */,
				BACFD8E12ACF6DB90016FA0C /* DataTests */,
				BA4206B72AD1876F00772934 /* Infra */,
				BA4206BE2AD1876F00772934 /* InfraTests */,
				BA87AB802AD2FF1D00CD2F07 /* UseCasesIntegrationTests */,
				BA162D5A2ADAAFE70012C414 /* Presentation */,
				BA162D612ADAAFE70012C414 /* PresentationTests */,
				BA52CB802ADB33FB007F69AB /* iOSUI */,
				BA52CB872ADB33FC007F69AB /* iOSUITests */,
			);
		};
/* End PBXProject section */

/* Begin PBXResourcesBuildPhase section */
		BA162D592ADAAFE70012C414 /* Resources */ = {
			isa = PBXResourcesBuildPhase;
			buildActionMask = 2147483647;
			files = (
			);
			runOnlyForDeploymentPostprocessing = 0;
		};
		BA162D602ADAAFE70012C414 /* Resources */ = {
			isa = PBXResourcesBuildPhase;
			buildActionMask = 2147483647;
			files = (
			);
			runOnlyForDeploymentPostprocessing = 0;
		};
		BA4206B62AD1876F00772934 /* Resources */ = {
			isa = PBXResourcesBuildPhase;
			buildActionMask = 2147483647;
			files = (
			);
			runOnlyForDeploymentPostprocessing = 0;
		};
		BA4206BD2AD1876F00772934 /* Resources */ = {
			isa = PBXResourcesBuildPhase;
			buildActionMask = 2147483647;
			files = (
			);
			runOnlyForDeploymentPostprocessing = 0;
		};
		BA52CB7F2ADB33FB007F69AB /* Resources */ = {
			isa = PBXResourcesBuildPhase;
			buildActionMask = 2147483647;
			files = (
				BACFDF2E2ADB404600A53949 /* SignUp.storyboard in Resources */,
			);
			runOnlyForDeploymentPostprocessing = 0;
		};
		BA52CB862ADB33FC007F69AB /* Resources */ = {
			isa = PBXResourcesBuildPhase;
			buildActionMask = 2147483647;
			files = (
			);
			runOnlyForDeploymentPostprocessing = 0;
		};
		BA87AB7F2AD2FF1D00CD2F07 /* Resources */ = {
			isa = PBXResourcesBuildPhase;
			buildActionMask = 2147483647;
			files = (
			);
			runOnlyForDeploymentPostprocessing = 0;
		};
		BACFD8C82ACF52030016FA0C /* Resources */ = {
			isa = PBXResourcesBuildPhase;
			buildActionMask = 2147483647;
			files = (
			);
			runOnlyForDeploymentPostprocessing = 0;
		};
		BACFD8D92ACF6DB90016FA0C /* Resources */ = {
			isa = PBXResourcesBuildPhase;
			buildActionMask = 2147483647;
			files = (
			);
			runOnlyForDeploymentPostprocessing = 0;
		};
		BACFD8E02ACF6DB90016FA0C /* Resources */ = {
			isa = PBXResourcesBuildPhase;
			buildActionMask = 2147483647;
			files = (
			);
			runOnlyForDeploymentPostprocessing = 0;
		};
/* End PBXResourcesBuildPhase section */

/* Begin PBXSourcesBuildPhase section */
		BA162D572ADAAFE70012C414 /* Sources */ = {
			isa = PBXSourcesBuildPhase;
			buildActionMask = 2147483647;
			files = (
				BAC278842ADAC5D1004E5795 /* SignUpPresenter.swift in Sources */,
				BA3505112ADAFD7C00B7443C /* LoadingView.swift in Sources */,
				BA1F6E842ADB29F2002683F9 /* SignUpMapper.swift in Sources */,
				BAC278872ADAC6E2004E5795 /* AlertView.swift in Sources */,
				BA1F6E862ADB2A9C002683F9 /* SignUpViewModel.swift in Sources */,
				BAC2788E2ADACBBC004E5795 /* EmailValidator.swift in Sources */,
			);
			runOnlyForDeploymentPostprocessing = 0;
		};
		BA162D5E2ADAAFE70012C414 /* Sources */ = {
			isa = PBXSourcesBuildPhase;
			buildActionMask = 2147483647;
			files = (
				BA1F6E8C2ADB2DD2002683F9 /* LoadingViewSpy.swift in Sources */,
				BA1F6E902ADB2E38002683F9 /* AddAccountSpy.swift in Sources */,
				BA1F6E8A2ADB2D04002683F9 /* AlertViewSpy.swift in Sources */,
				BA35050E2ADAE44F00B7443C /* AccountModelFactory.swift in Sources */,
				BA35050F2ADAF3B300B7443C /* TestExtensions.swift in Sources */,
				BA1F6E8E2ADB2E05002683F9 /* EmailValidatorSpy.swift in Sources */,
				BA1F6E952ADB2FEF002683F9 /* TestFactories.swift in Sources */,
				BA162D682ADAAFE80012C414 /* SignUpPresenterTest.swift in Sources */,
			);
			runOnlyForDeploymentPostprocessing = 0;
		};
		BA4206B42AD1876F00772934 /* Sources */ = {
			isa = PBXSourcesBuildPhase;
			buildActionMask = 2147483647;
			files = (
				BAC6BE932AD2E4D7003E3288 /* AlamofireAdapter.swift in Sources */,
			);
			runOnlyForDeploymentPostprocessing = 0;
		};
		BA4206BB2AD1876F00772934 /* Sources */ = {
			isa = PBXSourcesBuildPhase;
			buildActionMask = 2147483647;
			files = (
				BA4206E32AD19D5D00772934 /* TestsFactorys.swift in Sources */,
				BAD46E362AD1E51A00D79782 /* TestExtensions.swift in Sources */,
				BA4206C52AD1876F00772934 /* AlamofireAdapterTest.swift in Sources */,
				BAC6BE972AD2E9EC003E3288 /* URLProtocolStub.swift in Sources */,
			);
			runOnlyForDeploymentPostprocessing = 0;
		};
		BA52CB7D2ADB33FB007F69AB /* Sources */ = {
			isa = PBXSourcesBuildPhase;
			buildActionMask = 2147483647;
			files = (
				BACFDF2C2ADB3FFC00A53949 /* SignUpViewController.swift in Sources */,
			);
			runOnlyForDeploymentPostprocessing = 0;
		};
		BA52CB842ADB33FC007F69AB /* Sources */ = {
			isa = PBXSourcesBuildPhase;
			buildActionMask = 2147483647;
			files = (
				BA52CB8E2ADB33FC007F69AB /* SignUpViewControllerTests.swift in Sources */,
			);
			runOnlyForDeploymentPostprocessing = 0;
		};
		BA87AB7D2AD2FF1D00CD2F07 /* Sources */ = {
			isa = PBXSourcesBuildPhase;
			buildActionMask = 2147483647;
			files = (
				BA87AB842AD2FF1D00CD2F07 /* AddAccountIntegrationTests.swift in Sources */,
			);
			runOnlyForDeploymentPostprocessing = 0;
		};
		BACFD8C62ACF52030016FA0C /* Sources */ = {
			isa = PBXSourcesBuildPhase;
			buildActionMask = 2147483647;
			files = (
				BACFD8FA2ACFAAC80016FA0C /* Model.swift in Sources */,
				BACFD8D22ACF6AED0016FA0C /* AddAccount.swift in Sources */,
				BACFD9062ACFB6B90016FA0C /* DomainError.swift in Sources */,
				BACFD8D42ACF6CDF0016FA0C /* AccountModel.swift in Sources */,
			);
			runOnlyForDeploymentPostprocessing = 0;
		};
		BACFD8D72ACF6DB90016FA0C /* Sources */ = {
			isa = PBXSourcesBuildPhase;
			buildActionMask = 2147483647;
			files = (
				BACFD8FE2ACFAD5D0016FA0C /* HttpPostClient.swift in Sources */,
				BACFD90B2ACFC6A60016FA0C /* ExtensionHelpers.swift in Sources */,
				BACFD9082ACFB93A0016FA0C /* HttpError.swift in Sources */,
				BACFD8FC2ACFAD1E0016FA0C /* RemoteAddAccount.swift in Sources */,
			);
			runOnlyForDeploymentPostprocessing = 0;
		};
		BACFD8DE2ACF6DB90016FA0C /* Sources */ = {
			isa = PBXSourcesBuildPhase;
			buildActionMask = 2147483647;
			files = (
				BACFD8E82ACF6DB90016FA0C /* RemoteAddAccountTests.swift in Sources */,
				BA4206B02AD0B7C700772934 /* HttpClientSpy.swift in Sources */,
				BA4206AB2AD0B67E00772934 /* TestExtensions.swift in Sources */,
				BA4206B22AD0B83100772934 /* AccountModelFactory.swift in Sources */,
				BA4206AD2AD0B6E400772934 /* TestsFactorys.swift in Sources */,
			);
			runOnlyForDeploymentPostprocessing = 0;
		};
/* End PBXSourcesBuildPhase section */

/* Begin PBXTargetDependency section */
		BA162D652ADAAFE80012C414 /* PBXTargetDependency */ = {
			isa = PBXTargetDependency;
			target = BA162D5A2ADAAFE70012C414 /* Presentation */;
			targetProxy = BA162D642ADAAFE80012C414 /* PBXContainerItemProxy */;
		};
		BA4206C22AD1876F00772934 /* PBXTargetDependency */ = {
			isa = PBXTargetDependency;
			target = BA4206B72AD1876F00772934 /* Infra */;
			targetProxy = BA4206C12AD1876F00772934 /* PBXContainerItemProxy */;
		};
		BA52CB8B2ADB33FC007F69AB /* PBXTargetDependency */ = {
			isa = PBXTargetDependency;
			target = BA52CB802ADB33FB007F69AB /* iOSUI */;
			targetProxy = BA52CB8A2ADB33FC007F69AB /* PBXContainerItemProxy */;
		};
		BA87AB872AD2FF1D00CD2F07 /* PBXTargetDependency */ = {
			isa = PBXTargetDependency;
			target = BACFD8DA2ACF6DB90016FA0C /* Data */;
			targetProxy = BA87AB862AD2FF1D00CD2F07 /* PBXContainerItemProxy */;
		};
		BA87AB8C2AD2FF6700CD2F07 /* PBXTargetDependency */ = {
			isa = PBXTargetDependency;
			target = BACFD8C92ACF52030016FA0C /* Domain */;
			targetProxy = BA87AB8B2AD2FF6700CD2F07 /* PBXContainerItemProxy */;
		};
		BA87AB8E2AD2FF6700CD2F07 /* PBXTargetDependency */ = {
			isa = PBXTargetDependency;
			target = BA4206B72AD1876F00772934 /* Infra */;
			targetProxy = BA87AB8D2AD2FF6700CD2F07 /* PBXContainerItemProxy */;
		};
		BACFD8E52ACF6DB90016FA0C /* PBXTargetDependency */ = {
			isa = PBXTargetDependency;
			target = BACFD8DA2ACF6DB90016FA0C /* Data */;
			targetProxy = BACFD8E42ACF6DB90016FA0C /* PBXContainerItemProxy */;
		};
		BACFD8F42ACF6DF50016FA0C /* PBXTargetDependency */ = {
			isa = PBXTargetDependency;
			target = BACFD8C92ACF52030016FA0C /* Domain */;
			targetProxy = BACFD8F32ACF6DF50016FA0C /* PBXContainerItemProxy */;
		};
		BACFDF322ADB42B900A53949 /* PBXTargetDependency */ = {
			isa = PBXTargetDependency;
			target = BA162D5A2ADAAFE70012C414 /* Presentation */;
			targetProxy = BACFDF312ADB42B900A53949 /* PBXContainerItemProxy */;
		};
/* End PBXTargetDependency section */

/* Begin XCBuildConfiguration section */
		BA162D6A2ADAAFE80012C414 /* Debug */ = {
			isa = XCBuildConfiguration;
			buildSettings = {
				CLANG_ENABLE_MODULES = YES;
				CODE_SIGN_STYLE = Automatic;
				COMBINE_HIDPI_IMAGES = YES;
				CURRENT_PROJECT_VERSION = 1;
				DEFINES_MODULE = YES;
				DYLIB_COMPATIBILITY_VERSION = 1;
				DYLIB_CURRENT_VERSION = 1;
				DYLIB_INSTALL_NAME_BASE = "@rpath";
				ENABLE_MODULE_VERIFIER = YES;
				GENERATE_INFOPLIST_FILE = YES;
				INFOPLIST_KEY_NSHumanReadableCopyright = "";
				INSTALL_PATH = "$(LOCAL_LIBRARY_DIR)/Frameworks";
				LD_RUNPATH_SEARCH_PATHS = (
					"$(inherited)",
					"@executable_path/../Frameworks",
					"@loader_path/Frameworks",
				);
				MACOSX_DEPLOYMENT_TARGET = 13.3;
				MARKETING_VERSION = 1.0;
				MODULE_VERIFIER_SUPPORTED_LANGUAGES = "objective-c objective-c++";
				MODULE_VERIFIER_SUPPORTED_LANGUAGE_STANDARDS = "gnu11 gnu++20";
				PRODUCT_BUNDLE_IDENTIFIER = com.cleanapp.app.Presentation;
				PRODUCT_NAME = "$(TARGET_NAME:c99extidentifier)";
				SDKROOT = macosx;
				SKIP_INSTALL = YES;
				SUPPORTED_PLATFORMS = "macosx iphoneos iphonesimulator";
				SWIFT_EMIT_LOC_STRINGS = YES;
				SWIFT_OPTIMIZATION_LEVEL = "-Onone";
				SWIFT_VERSION = 5.0;
			};
			name = Debug;
		};
		BA162D6B2ADAAFE80012C414 /* Release */ = {
			isa = XCBuildConfiguration;
			buildSettings = {
				CLANG_ENABLE_MODULES = YES;
				CODE_SIGN_STYLE = Automatic;
				COMBINE_HIDPI_IMAGES = YES;
				CURRENT_PROJECT_VERSION = 1;
				DEFINES_MODULE = YES;
				DYLIB_COMPATIBILITY_VERSION = 1;
				DYLIB_CURRENT_VERSION = 1;
				DYLIB_INSTALL_NAME_BASE = "@rpath";
				ENABLE_MODULE_VERIFIER = YES;
				GENERATE_INFOPLIST_FILE = YES;
				INFOPLIST_KEY_NSHumanReadableCopyright = "";
				INSTALL_PATH = "$(LOCAL_LIBRARY_DIR)/Frameworks";
				LD_RUNPATH_SEARCH_PATHS = (
					"$(inherited)",
					"@executable_path/../Frameworks",
					"@loader_path/Frameworks",
				);
				MACOSX_DEPLOYMENT_TARGET = 13.3;
				MARKETING_VERSION = 1.0;
				MODULE_VERIFIER_SUPPORTED_LANGUAGES = "objective-c objective-c++";
				MODULE_VERIFIER_SUPPORTED_LANGUAGE_STANDARDS = "gnu11 gnu++20";
				PRODUCT_BUNDLE_IDENTIFIER = com.cleanapp.app.Presentation;
				PRODUCT_NAME = "$(TARGET_NAME:c99extidentifier)";
				SDKROOT = macosx;
				SKIP_INSTALL = YES;
				SUPPORTED_PLATFORMS = "macosx iphoneos iphonesimulator";
				SWIFT_EMIT_LOC_STRINGS = YES;
				SWIFT_VERSION = 5.0;
			};
			name = Release;
		};
		BA162D6C2ADAAFE80012C414 /* Debug */ = {
			isa = XCBuildConfiguration;
			buildSettings = {
				ALWAYS_EMBED_SWIFT_STANDARD_LIBRARIES = YES;
				CODE_SIGN_STYLE = Automatic;
				CURRENT_PROJECT_VERSION = 1;
				GENERATE_INFOPLIST_FILE = YES;
				MACOSX_DEPLOYMENT_TARGET = 13.3;
				MARKETING_VERSION = 1.0;
				PRODUCT_BUNDLE_IDENTIFIER = com.cleanapp.app.PresentationTests;
				PRODUCT_NAME = "$(TARGET_NAME)";
				SDKROOT = macosx;
				SUPPORTED_PLATFORMS = "macosx iphonesimulator iphoneos";
				SWIFT_EMIT_LOC_STRINGS = NO;
				SWIFT_VERSION = 5.0;
			};
			name = Debug;
		};
		BA162D6D2ADAAFE80012C414 /* Release */ = {
			isa = XCBuildConfiguration;
			buildSettings = {
				ALWAYS_EMBED_SWIFT_STANDARD_LIBRARIES = YES;
				CODE_SIGN_STYLE = Automatic;
				CURRENT_PROJECT_VERSION = 1;
				GENERATE_INFOPLIST_FILE = YES;
				MACOSX_DEPLOYMENT_TARGET = 13.3;
				MARKETING_VERSION = 1.0;
				PRODUCT_BUNDLE_IDENTIFIER = com.cleanapp.app.PresentationTests;
				PRODUCT_NAME = "$(TARGET_NAME)";
				SDKROOT = macosx;
				SUPPORTED_PLATFORMS = "macosx iphonesimulator iphoneos";
				SWIFT_EMIT_LOC_STRINGS = NO;
				SWIFT_VERSION = 5.0;
			};
			name = Release;
		};
		BA4206C82AD1876F00772934 /* Debug */ = {
			isa = XCBuildConfiguration;
			buildSettings = {
				CLANG_ENABLE_MODULES = YES;
				CODE_SIGN_STYLE = Automatic;
				COMBINE_HIDPI_IMAGES = YES;
				CURRENT_PROJECT_VERSION = 1;
				DEFINES_MODULE = YES;
				DYLIB_COMPATIBILITY_VERSION = 1;
				DYLIB_CURRENT_VERSION = 1;
				DYLIB_INSTALL_NAME_BASE = "@rpath";
				ENABLE_MODULE_VERIFIER = YES;
				GENERATE_INFOPLIST_FILE = YES;
				INFOPLIST_KEY_NSHumanReadableCopyright = "";
				INSTALL_PATH = "$(LOCAL_LIBRARY_DIR)/Frameworks";
				LD_RUNPATH_SEARCH_PATHS = (
					"$(inherited)",
					"@executable_path/../Frameworks",
					"@loader_path/Frameworks",
				);
				MACOSX_DEPLOYMENT_TARGET = 13.3;
				MARKETING_VERSION = 1.0;
				MODULE_VERIFIER_SUPPORTED_LANGUAGES = "objective-c objective-c++";
				MODULE_VERIFIER_SUPPORTED_LANGUAGE_STANDARDS = "gnu11 gnu++20";
				PRODUCT_BUNDLE_IDENTIFIER = com.cleanapp.app.Infra;
				PRODUCT_NAME = "$(TARGET_NAME:c99extidentifier)";
				SDKROOT = macosx;
				SKIP_INSTALL = YES;
				SUPPORTED_PLATFORMS = "macosx iphonesimulator iphoneos";
				SWIFT_EMIT_LOC_STRINGS = YES;
				SWIFT_OPTIMIZATION_LEVEL = "-Onone";
				SWIFT_VERSION = 5.0;
			};
			name = Debug;
		};
		BA4206C92AD1876F00772934 /* Release */ = {
			isa = XCBuildConfiguration;
			buildSettings = {
				CLANG_ENABLE_MODULES = YES;
				CODE_SIGN_STYLE = Automatic;
				COMBINE_HIDPI_IMAGES = YES;
				CURRENT_PROJECT_VERSION = 1;
				DEFINES_MODULE = YES;
				DYLIB_COMPATIBILITY_VERSION = 1;
				DYLIB_CURRENT_VERSION = 1;
				DYLIB_INSTALL_NAME_BASE = "@rpath";
				ENABLE_MODULE_VERIFIER = YES;
				GENERATE_INFOPLIST_FILE = YES;
				INFOPLIST_KEY_NSHumanReadableCopyright = "";
				INSTALL_PATH = "$(LOCAL_LIBRARY_DIR)/Frameworks";
				LD_RUNPATH_SEARCH_PATHS = (
					"$(inherited)",
					"@executable_path/../Frameworks",
					"@loader_path/Frameworks",
				);
				MACOSX_DEPLOYMENT_TARGET = 13.3;
				MARKETING_VERSION = 1.0;
				MODULE_VERIFIER_SUPPORTED_LANGUAGES = "objective-c objective-c++";
				MODULE_VERIFIER_SUPPORTED_LANGUAGE_STANDARDS = "gnu11 gnu++20";
				PRODUCT_BUNDLE_IDENTIFIER = com.cleanapp.app.Infra;
				PRODUCT_NAME = "$(TARGET_NAME:c99extidentifier)";
				SDKROOT = macosx;
				SKIP_INSTALL = YES;
				SUPPORTED_PLATFORMS = "macosx iphonesimulator iphoneos";
				SWIFT_EMIT_LOC_STRINGS = YES;
				SWIFT_VERSION = 5.0;
			};
			name = Release;
		};
		BA4206CB2AD1876F00772934 /* Debug */ = {
			isa = XCBuildConfiguration;
			buildSettings = {
				ALWAYS_EMBED_SWIFT_STANDARD_LIBRARIES = YES;
				CODE_SIGN_STYLE = Automatic;
				CURRENT_PROJECT_VERSION = 1;
				GENERATE_INFOPLIST_FILE = YES;
				MACOSX_DEPLOYMENT_TARGET = 13.3;
				MARKETING_VERSION = 1.0;
				PRODUCT_BUNDLE_IDENTIFIER = com.cleanapp.app.InfraTests;
				PRODUCT_NAME = "$(TARGET_NAME)";
				SDKROOT = macosx;
				SUPPORTED_PLATFORMS = "macosx iphonesimulator iphoneos";
				SWIFT_EMIT_LOC_STRINGS = NO;
				SWIFT_VERSION = 5.0;
			};
			name = Debug;
		};
		BA4206CC2AD1876F00772934 /* Release */ = {
			isa = XCBuildConfiguration;
			buildSettings = {
				ALWAYS_EMBED_SWIFT_STANDARD_LIBRARIES = YES;
				CODE_SIGN_STYLE = Automatic;
				CURRENT_PROJECT_VERSION = 1;
				GENERATE_INFOPLIST_FILE = YES;
				MACOSX_DEPLOYMENT_TARGET = 13.3;
				MARKETING_VERSION = 1.0;
				PRODUCT_BUNDLE_IDENTIFIER = com.cleanapp.app.InfraTests;
				PRODUCT_NAME = "$(TARGET_NAME)";
				SDKROOT = macosx;
				SUPPORTED_PLATFORMS = "macosx iphonesimulator iphoneos";
				SWIFT_EMIT_LOC_STRINGS = NO;
				SWIFT_VERSION = 5.0;
			};
			name = Release;
		};
		BA52CB902ADB33FC007F69AB /* Debug */ = {
			isa = XCBuildConfiguration;
			buildSettings = {
				CLANG_ENABLE_MODULES = YES;
				CODE_SIGN_STYLE = Automatic;
				COMBINE_HIDPI_IMAGES = YES;
				CURRENT_PROJECT_VERSION = 1;
				DEFINES_MODULE = YES;
				DYLIB_COMPATIBILITY_VERSION = 1;
				DYLIB_CURRENT_VERSION = 1;
				DYLIB_INSTALL_NAME_BASE = "@rpath";
				ENABLE_MODULE_VERIFIER = YES;
				GENERATE_INFOPLIST_FILE = YES;
				INFOPLIST_KEY_NSHumanReadableCopyright = "";
				INSTALL_PATH = "$(LOCAL_LIBRARY_DIR)/Frameworks";
				LD_RUNPATH_SEARCH_PATHS = (
					"$(inherited)",
					"@executable_path/../Frameworks",
					"@loader_path/Frameworks",
				);
				MACOSX_DEPLOYMENT_TARGET = 13.3;
				MARKETING_VERSION = 1.0;
				MODULE_VERIFIER_SUPPORTED_LANGUAGES = "objective-c objective-c++";
				MODULE_VERIFIER_SUPPORTED_LANGUAGE_STANDARDS = "gnu11 gnu++20";
				PRODUCT_BUNDLE_IDENTIFIER = com.cleanapp.app.iOSUI;
				PRODUCT_NAME = "$(TARGET_NAME:c99extidentifier)";
				SDKROOT = macosx;
				SKIP_INSTALL = YES;
				SUPPORTED_PLATFORMS = "macosx iphonesimulator iphoneos";
				SWIFT_EMIT_LOC_STRINGS = YES;
				SWIFT_OPTIMIZATION_LEVEL = "-Onone";
				SWIFT_VERSION = 5.0;
			};
			name = Debug;
		};
		BA52CB912ADB33FC007F69AB /* Release */ = {
			isa = XCBuildConfiguration;
			buildSettings = {
				CLANG_ENABLE_MODULES = YES;
				CODE_SIGN_STYLE = Automatic;
				COMBINE_HIDPI_IMAGES = YES;
				CURRENT_PROJECT_VERSION = 1;
				DEFINES_MODULE = YES;
				DYLIB_COMPATIBILITY_VERSION = 1;
				DYLIB_CURRENT_VERSION = 1;
				DYLIB_INSTALL_NAME_BASE = "@rpath";
				ENABLE_MODULE_VERIFIER = YES;
				GENERATE_INFOPLIST_FILE = YES;
				INFOPLIST_KEY_NSHumanReadableCopyright = "";
				INSTALL_PATH = "$(LOCAL_LIBRARY_DIR)/Frameworks";
				LD_RUNPATH_SEARCH_PATHS = (
					"$(inherited)",
					"@executable_path/../Frameworks",
					"@loader_path/Frameworks",
				);
				MACOSX_DEPLOYMENT_TARGET = 13.3;
				MARKETING_VERSION = 1.0;
				MODULE_VERIFIER_SUPPORTED_LANGUAGES = "objective-c objective-c++";
				MODULE_VERIFIER_SUPPORTED_LANGUAGE_STANDARDS = "gnu11 gnu++20";
				PRODUCT_BUNDLE_IDENTIFIER = com.cleanapp.app.iOSUI;
				PRODUCT_NAME = "$(TARGET_NAME:c99extidentifier)";
				SDKROOT = macosx;
				SKIP_INSTALL = YES;
				SUPPORTED_PLATFORMS = "macosx iphonesimulator iphoneos";
				SWIFT_EMIT_LOC_STRINGS = YES;
				SWIFT_VERSION = 5.0;
			};
			name = Release;
		};
		BA52CB922ADB33FC007F69AB /* Debug */ = {
			isa = XCBuildConfiguration;
			buildSettings = {
				ALWAYS_EMBED_SWIFT_STANDARD_LIBRARIES = YES;
				CODE_SIGN_STYLE = Automatic;
				CURRENT_PROJECT_VERSION = 1;
				GENERATE_INFOPLIST_FILE = YES;
				MACOSX_DEPLOYMENT_TARGET = 13.3;
				MARKETING_VERSION = 1.0;
				PRODUCT_BUNDLE_IDENTIFIER = com.cleanapp.app.iOSUITests;
				PRODUCT_NAME = "$(TARGET_NAME)";
				SDKROOT = macosx;
				SUPPORTED_PLATFORMS = "macosx iphoneos iphonesimulator";
				SWIFT_EMIT_LOC_STRINGS = NO;
				SWIFT_VERSION = 5.0;
			};
			name = Debug;
		};
		BA52CB932ADB33FC007F69AB /* Release */ = {
			isa = XCBuildConfiguration;
			buildSettings = {
				ALWAYS_EMBED_SWIFT_STANDARD_LIBRARIES = YES;
				CODE_SIGN_STYLE = Automatic;
				CURRENT_PROJECT_VERSION = 1;
				GENERATE_INFOPLIST_FILE = YES;
				MACOSX_DEPLOYMENT_TARGET = 13.3;
				MARKETING_VERSION = 1.0;
				PRODUCT_BUNDLE_IDENTIFIER = com.cleanapp.app.iOSUITests;
				PRODUCT_NAME = "$(TARGET_NAME)";
				SDKROOT = macosx;
				SUPPORTED_PLATFORMS = "macosx iphoneos iphonesimulator";
				SWIFT_EMIT_LOC_STRINGS = NO;
				SWIFT_VERSION = 5.0;
			};
			name = Release;
		};
		BA87AB882AD2FF1D00CD2F07 /* Debug */ = {
			isa = XCBuildConfiguration;
			buildSettings = {
				CODE_SIGN_STYLE = Automatic;
				CURRENT_PROJECT_VERSION = 1;
				GENERATE_INFOPLIST_FILE = YES;
				MACOSX_DEPLOYMENT_TARGET = 13.3;
				MARKETING_VERSION = 1.0;
				PRODUCT_BUNDLE_IDENTIFIER = com.cleanapp.app.UseCasesIntegrationTests;
				PRODUCT_NAME = "$(TARGET_NAME)";
				SDKROOT = macosx;
				SUPPORTED_PLATFORMS = "macosx iphonesimulator iphoneos";
				SWIFT_EMIT_LOC_STRINGS = NO;
				SWIFT_VERSION = 5.0;
			};
			name = Debug;
		};
		BA87AB892AD2FF1D00CD2F07 /* Release */ = {
			isa = XCBuildConfiguration;
			buildSettings = {
				CODE_SIGN_STYLE = Automatic;
				CURRENT_PROJECT_VERSION = 1;
				GENERATE_INFOPLIST_FILE = YES;
				MACOSX_DEPLOYMENT_TARGET = 13.3;
				MARKETING_VERSION = 1.0;
				PRODUCT_BUNDLE_IDENTIFIER = com.cleanapp.app.UseCasesIntegrationTests;
				PRODUCT_NAME = "$(TARGET_NAME)";
				SDKROOT = macosx;
				SUPPORTED_PLATFORMS = "macosx iphonesimulator iphoneos";
				SWIFT_EMIT_LOC_STRINGS = NO;
				SWIFT_VERSION = 5.0;
			};
			name = Release;
		};
		BACFD8C02ACF50C50016FA0C /* Debug */ = {
			isa = XCBuildConfiguration;
			buildSettings = {
				ALWAYS_SEARCH_USER_PATHS = NO;
				CLANG_ANALYZER_NONNULL = YES;
				CLANG_ANALYZER_NUMBER_OBJECT_CONVERSION = YES_AGGRESSIVE;
				CLANG_CXX_LANGUAGE_STANDARD = "gnu++20";
				CLANG_ENABLE_MODULES = YES;
				CLANG_ENABLE_OBJC_ARC = YES;
				CLANG_ENABLE_OBJC_WEAK = YES;
				CLANG_WARN_BLOCK_CAPTURE_AUTORELEASING = YES;
				CLANG_WARN_BOOL_CONVERSION = YES;
				CLANG_WARN_COMMA = YES;
				CLANG_WARN_CONSTANT_CONVERSION = YES;
				CLANG_WARN_DEPRECATED_OBJC_IMPLEMENTATIONS = YES;
				CLANG_WARN_DIRECT_OBJC_ISA_USAGE = YES_ERROR;
				CLANG_WARN_DOCUMENTATION_COMMENTS = YES;
				CLANG_WARN_EMPTY_BODY = YES;
				CLANG_WARN_ENUM_CONVERSION = YES;
				CLANG_WARN_INFINITE_RECURSION = YES;
				CLANG_WARN_INT_CONVERSION = YES;
				CLANG_WARN_NON_LITERAL_NULL_CONVERSION = YES;
				CLANG_WARN_OBJC_IMPLICIT_RETAIN_SELF = YES;
				CLANG_WARN_OBJC_LITERAL_CONVERSION = YES;
				CLANG_WARN_OBJC_ROOT_CLASS = YES_ERROR;
				CLANG_WARN_QUOTED_INCLUDE_IN_FRAMEWORK_HEADER = YES;
				CLANG_WARN_RANGE_LOOP_ANALYSIS = YES;
				CLANG_WARN_STRICT_PROTOTYPES = YES;
				CLANG_WARN_SUSPICIOUS_MOVE = YES;
				CLANG_WARN_UNGUARDED_AVAILABILITY = YES_AGGRESSIVE;
				CLANG_WARN_UNREACHABLE_CODE = YES;
				CLANG_WARN__DUPLICATE_METHOD_MATCH = YES;
				COPY_PHASE_STRIP = NO;
				CURRENT_PROJECT_VERSION = 1;
				DEBUG_INFORMATION_FORMAT = dwarf;
				ENABLE_STRICT_OBJC_MSGSEND = YES;
				ENABLE_TESTABILITY = YES;
				GCC_C_LANGUAGE_STANDARD = gnu11;
				GCC_DYNAMIC_NO_PIC = NO;
				GCC_NO_COMMON_BLOCKS = YES;
				GCC_OPTIMIZATION_LEVEL = 0;
				GCC_PREPROCESSOR_DEFINITIONS = (
					"DEBUG=1",
					"$(inherited)",
				);
				GCC_WARN_64_TO_32_BIT_CONVERSION = YES;
				GCC_WARN_ABOUT_RETURN_TYPE = YES_ERROR;
				GCC_WARN_UNDECLARED_SELECTOR = YES;
				GCC_WARN_UNINITIALIZED_AUTOS = YES_AGGRESSIVE;
				GCC_WARN_UNUSED_FUNCTION = YES;
				GCC_WARN_UNUSED_VARIABLE = YES;
				IPHONEOS_DEPLOYMENT_TARGET = 16.4;
				MTL_ENABLE_DEBUG_INFO = INCLUDE_SOURCE;
				MTL_FAST_MATH = YES;
				ONLY_ACTIVE_ARCH = YES;
				SDKROOT = iphoneos;
				SWIFT_ACTIVE_COMPILATION_CONDITIONS = DEBUG;
				SWIFT_OPTIMIZATION_LEVEL = "-Onone";
				VERSIONING_SYSTEM = "apple-generic";
				VERSION_INFO_PREFIX = "";
			};
			name = Debug;
		};
		BACFD8C12ACF50C50016FA0C /* Release */ = {
			isa = XCBuildConfiguration;
			buildSettings = {
				ALWAYS_SEARCH_USER_PATHS = NO;
				CLANG_ANALYZER_NONNULL = YES;
				CLANG_ANALYZER_NUMBER_OBJECT_CONVERSION = YES_AGGRESSIVE;
				CLANG_CXX_LANGUAGE_STANDARD = "gnu++20";
				CLANG_ENABLE_MODULES = YES;
				CLANG_ENABLE_OBJC_ARC = YES;
				CLANG_ENABLE_OBJC_WEAK = YES;
				CLANG_WARN_BLOCK_CAPTURE_AUTORELEASING = YES;
				CLANG_WARN_BOOL_CONVERSION = YES;
				CLANG_WARN_COMMA = YES;
				CLANG_WARN_CONSTANT_CONVERSION = YES;
				CLANG_WARN_DEPRECATED_OBJC_IMPLEMENTATIONS = YES;
				CLANG_WARN_DIRECT_OBJC_ISA_USAGE = YES_ERROR;
				CLANG_WARN_DOCUMENTATION_COMMENTS = YES;
				CLANG_WARN_EMPTY_BODY = YES;
				CLANG_WARN_ENUM_CONVERSION = YES;
				CLANG_WARN_INFINITE_RECURSION = YES;
				CLANG_WARN_INT_CONVERSION = YES;
				CLANG_WARN_NON_LITERAL_NULL_CONVERSION = YES;
				CLANG_WARN_OBJC_IMPLICIT_RETAIN_SELF = YES;
				CLANG_WARN_OBJC_LITERAL_CONVERSION = YES;
				CLANG_WARN_OBJC_ROOT_CLASS = YES_ERROR;
				CLANG_WARN_QUOTED_INCLUDE_IN_FRAMEWORK_HEADER = YES;
				CLANG_WARN_RANGE_LOOP_ANALYSIS = YES;
				CLANG_WARN_STRICT_PROTOTYPES = YES;
				CLANG_WARN_SUSPICIOUS_MOVE = YES;
				CLANG_WARN_UNGUARDED_AVAILABILITY = YES_AGGRESSIVE;
				CLANG_WARN_UNREACHABLE_CODE = YES;
				CLANG_WARN__DUPLICATE_METHOD_MATCH = YES;
				COPY_PHASE_STRIP = NO;
				CURRENT_PROJECT_VERSION = 1;
				DEBUG_INFORMATION_FORMAT = "dwarf-with-dsym";
				ENABLE_NS_ASSERTIONS = NO;
				ENABLE_STRICT_OBJC_MSGSEND = YES;
				GCC_C_LANGUAGE_STANDARD = gnu11;
				GCC_NO_COMMON_BLOCKS = YES;
				GCC_WARN_64_TO_32_BIT_CONVERSION = YES;
				GCC_WARN_ABOUT_RETURN_TYPE = YES_ERROR;
				GCC_WARN_UNDECLARED_SELECTOR = YES;
				GCC_WARN_UNINITIALIZED_AUTOS = YES_AGGRESSIVE;
				GCC_WARN_UNUSED_FUNCTION = YES;
				GCC_WARN_UNUSED_VARIABLE = YES;
				IPHONEOS_DEPLOYMENT_TARGET = 16.4;
				MTL_ENABLE_DEBUG_INFO = NO;
				MTL_FAST_MATH = YES;
				SDKROOT = iphoneos;
				SWIFT_COMPILATION_MODE = wholemodule;
				SWIFT_OPTIMIZATION_LEVEL = "-O";
				VALIDATE_PRODUCT = YES;
				VERSIONING_SYSTEM = "apple-generic";
				VERSION_INFO_PREFIX = "";
			};
			name = Release;
		};
		BACFD8CF2ACF52030016FA0C /* Debug */ = {
			isa = XCBuildConfiguration;
			buildSettings = {
				CLANG_ENABLE_MODULES = YES;
				CODE_SIGN_STYLE = Automatic;
				COMBINE_HIDPI_IMAGES = YES;
				CURRENT_PROJECT_VERSION = 1;
				DEFINES_MODULE = YES;
				DYLIB_COMPATIBILITY_VERSION = 1;
				DYLIB_CURRENT_VERSION = 1;
				DYLIB_INSTALL_NAME_BASE = "@rpath";
				ENABLE_MODULE_VERIFIER = YES;
				GENERATE_INFOPLIST_FILE = YES;
				INFOPLIST_KEY_NSHumanReadableCopyright = "";
				INSTALL_PATH = "$(LOCAL_LIBRARY_DIR)/Frameworks";
				LD_RUNPATH_SEARCH_PATHS = (
					"$(inherited)",
					"@executable_path/../Frameworks",
					"@loader_path/Frameworks",
				);
				MACOSX_DEPLOYMENT_TARGET = 13.3;
				MARKETING_VERSION = 1.0;
				MODULE_VERIFIER_SUPPORTED_LANGUAGES = "objective-c objective-c++";
				MODULE_VERIFIER_SUPPORTED_LANGUAGE_STANDARDS = "gnu11 gnu++20";
				PRODUCT_BUNDLE_IDENTIFIER = com.cleanapp.app.Domain;
				PRODUCT_NAME = "$(TARGET_NAME:c99extidentifier)";
				SDKROOT = macosx;
				SKIP_INSTALL = YES;
				SUPPORTED_PLATFORMS = "macosx iphonesimulator iphoneos";
				SWIFT_EMIT_LOC_STRINGS = YES;
				SWIFT_OPTIMIZATION_LEVEL = "-Onone";
				SWIFT_VERSION = 5.0;
			};
			name = Debug;
		};
		BACFD8D02ACF52030016FA0C /* Release */ = {
			isa = XCBuildConfiguration;
			buildSettings = {
				CLANG_ENABLE_MODULES = YES;
				CODE_SIGN_STYLE = Automatic;
				COMBINE_HIDPI_IMAGES = YES;
				CURRENT_PROJECT_VERSION = 1;
				DEFINES_MODULE = YES;
				DYLIB_COMPATIBILITY_VERSION = 1;
				DYLIB_CURRENT_VERSION = 1;
				DYLIB_INSTALL_NAME_BASE = "@rpath";
				ENABLE_MODULE_VERIFIER = YES;
				GENERATE_INFOPLIST_FILE = YES;
				INFOPLIST_KEY_NSHumanReadableCopyright = "";
				INSTALL_PATH = "$(LOCAL_LIBRARY_DIR)/Frameworks";
				LD_RUNPATH_SEARCH_PATHS = (
					"$(inherited)",
					"@executable_path/../Frameworks",
					"@loader_path/Frameworks",
				);
				MACOSX_DEPLOYMENT_TARGET = 13.3;
				MARKETING_VERSION = 1.0;
				MODULE_VERIFIER_SUPPORTED_LANGUAGES = "objective-c objective-c++";
				MODULE_VERIFIER_SUPPORTED_LANGUAGE_STANDARDS = "gnu11 gnu++20";
				PRODUCT_BUNDLE_IDENTIFIER = com.cleanapp.app.Domain;
				PRODUCT_NAME = "$(TARGET_NAME:c99extidentifier)";
				SDKROOT = macosx;
				SKIP_INSTALL = YES;
				SUPPORTED_PLATFORMS = "macosx iphonesimulator iphoneos";
				SWIFT_EMIT_LOC_STRINGS = YES;
				SWIFT_VERSION = 5.0;
			};
			name = Release;
		};
		BACFD8EB2ACF6DBA0016FA0C /* Debug */ = {
			isa = XCBuildConfiguration;
			buildSettings = {
				CLANG_ENABLE_MODULES = YES;
				CODE_SIGN_STYLE = Automatic;
				COMBINE_HIDPI_IMAGES = YES;
				CURRENT_PROJECT_VERSION = 1;
				DEFINES_MODULE = YES;
				DYLIB_COMPATIBILITY_VERSION = 1;
				DYLIB_CURRENT_VERSION = 1;
				DYLIB_INSTALL_NAME_BASE = "@rpath";
				ENABLE_MODULE_VERIFIER = YES;
				GENERATE_INFOPLIST_FILE = YES;
				INFOPLIST_KEY_NSHumanReadableCopyright = "";
				INSTALL_PATH = "$(LOCAL_LIBRARY_DIR)/Frameworks";
				LD_RUNPATH_SEARCH_PATHS = (
					"$(inherited)",
					"@executable_path/../Frameworks",
					"@loader_path/Frameworks",
				);
				MACOSX_DEPLOYMENT_TARGET = 13.3;
				MARKETING_VERSION = 1.0;
				MODULE_VERIFIER_SUPPORTED_LANGUAGES = "objective-c objective-c++";
				MODULE_VERIFIER_SUPPORTED_LANGUAGE_STANDARDS = "gnu11 gnu++20";
				PRODUCT_BUNDLE_IDENTIFIER = com.cleanapp.app.Data;
				PRODUCT_NAME = "$(TARGET_NAME:c99extidentifier)";
				SDKROOT = macosx;
				SKIP_INSTALL = YES;
				SUPPORTED_PLATFORMS = "macosx iphoneos iphonesimulator";
				SWIFT_EMIT_LOC_STRINGS = YES;
				SWIFT_OPTIMIZATION_LEVEL = "-Onone";
				SWIFT_VERSION = 5.0;
			};
			name = Debug;
		};
		BACFD8EC2ACF6DBA0016FA0C /* Release */ = {
			isa = XCBuildConfiguration;
			buildSettings = {
				CLANG_ENABLE_MODULES = YES;
				CODE_SIGN_STYLE = Automatic;
				COMBINE_HIDPI_IMAGES = YES;
				CURRENT_PROJECT_VERSION = 1;
				DEFINES_MODULE = YES;
				DYLIB_COMPATIBILITY_VERSION = 1;
				DYLIB_CURRENT_VERSION = 1;
				DYLIB_INSTALL_NAME_BASE = "@rpath";
				ENABLE_MODULE_VERIFIER = YES;
				GENERATE_INFOPLIST_FILE = YES;
				INFOPLIST_KEY_NSHumanReadableCopyright = "";
				INSTALL_PATH = "$(LOCAL_LIBRARY_DIR)/Frameworks";
				LD_RUNPATH_SEARCH_PATHS = (
					"$(inherited)",
					"@executable_path/../Frameworks",
					"@loader_path/Frameworks",
				);
				MACOSX_DEPLOYMENT_TARGET = 13.3;
				MARKETING_VERSION = 1.0;
				MODULE_VERIFIER_SUPPORTED_LANGUAGES = "objective-c objective-c++";
				MODULE_VERIFIER_SUPPORTED_LANGUAGE_STANDARDS = "gnu11 gnu++20";
				PRODUCT_BUNDLE_IDENTIFIER = com.cleanapp.app.Data;
				PRODUCT_NAME = "$(TARGET_NAME:c99extidentifier)";
				SDKROOT = macosx;
				SKIP_INSTALL = YES;
				SUPPORTED_PLATFORMS = "macosx iphoneos iphonesimulator";
				SWIFT_EMIT_LOC_STRINGS = YES;
				SWIFT_VERSION = 5.0;
			};
			name = Release;
		};
		BACFD8EE2ACF6DBA0016FA0C /* Debug */ = {
			isa = XCBuildConfiguration;
			buildSettings = {
				ALWAYS_EMBED_SWIFT_STANDARD_LIBRARIES = YES;
				CODE_SIGN_STYLE = Automatic;
				CURRENT_PROJECT_VERSION = 1;
				GENERATE_INFOPLIST_FILE = YES;
				MACOSX_DEPLOYMENT_TARGET = 13.3;
				MARKETING_VERSION = 1.0;
				PRODUCT_BUNDLE_IDENTIFIER = com.cleanapp.app.DataTests;
				PRODUCT_NAME = "$(TARGET_NAME)";
				SDKROOT = macosx;
				SUPPORTED_PLATFORMS = "macosx iphoneos iphonesimulator";
				SWIFT_EMIT_LOC_STRINGS = NO;
				SWIFT_VERSION = 5.0;
			};
			name = Debug;
		};
		BACFD8EF2ACF6DBA0016FA0C /* Release */ = {
			isa = XCBuildConfiguration;
			buildSettings = {
				ALWAYS_EMBED_SWIFT_STANDARD_LIBRARIES = YES;
				CODE_SIGN_STYLE = Automatic;
				CURRENT_PROJECT_VERSION = 1;
				GENERATE_INFOPLIST_FILE = YES;
				MACOSX_DEPLOYMENT_TARGET = 13.3;
				MARKETING_VERSION = 1.0;
				PRODUCT_BUNDLE_IDENTIFIER = com.cleanapp.app.DataTests;
				PRODUCT_NAME = "$(TARGET_NAME)";
				SDKROOT = macosx;
				SUPPORTED_PLATFORMS = "macosx iphoneos iphonesimulator";
				SWIFT_EMIT_LOC_STRINGS = NO;
				SWIFT_VERSION = 5.0;
			};
			name = Release;
		};
/* End XCBuildConfiguration section */

/* Begin XCConfigurationList section */
		BA162D6E2ADAAFE80012C414 /* Build configuration list for PBXNativeTarget "Presentation" */ = {
			isa = XCConfigurationList;
			buildConfigurations = (
				BA162D6A2ADAAFE80012C414 /* Debug */,
				BA162D6B2ADAAFE80012C414 /* Release */,
			);
			defaultConfigurationIsVisible = 0;
			defaultConfigurationName = Release;
		};
		BA162D6F2ADAAFE80012C414 /* Build configuration list for PBXNativeTarget "PresentationTests" */ = {
			isa = XCConfigurationList;
			buildConfigurations = (
				BA162D6C2ADAAFE80012C414 /* Debug */,
				BA162D6D2ADAAFE80012C414 /* Release */,
			);
			defaultConfigurationIsVisible = 0;
			defaultConfigurationName = Release;
		};
		BA4206C72AD1876F00772934 /* Build configuration list for PBXNativeTarget "Infra" */ = {
			isa = XCConfigurationList;
			buildConfigurations = (
				BA4206C82AD1876F00772934 /* Debug */,
				BA4206C92AD1876F00772934 /* Release */,
			);
			defaultConfigurationIsVisible = 0;
			defaultConfigurationName = Release;
		};
		BA4206CA2AD1876F00772934 /* Build configuration list for PBXNativeTarget "InfraTests" */ = {
			isa = XCConfigurationList;
			buildConfigurations = (
				BA4206CB2AD1876F00772934 /* Debug */,
				BA4206CC2AD1876F00772934 /* Release */,
			);
			defaultConfigurationIsVisible = 0;
			defaultConfigurationName = Release;
		};
		BA52CB942ADB33FC007F69AB /* Build configuration list for PBXNativeTarget "iOSUI" */ = {
			isa = XCConfigurationList;
			buildConfigurations = (
				BA52CB902ADB33FC007F69AB /* Debug */,
				BA52CB912ADB33FC007F69AB /* Release */,
			);
			defaultConfigurationIsVisible = 0;
			defaultConfigurationName = Release;
		};
		BA52CB952ADB33FC007F69AB /* Build configuration list for PBXNativeTarget "iOSUITests" */ = {
			isa = XCConfigurationList;
			buildConfigurations = (
				BA52CB922ADB33FC007F69AB /* Debug */,
				BA52CB932ADB33FC007F69AB /* Release */,
			);
			defaultConfigurationIsVisible = 0;
			defaultConfigurationName = Release;
		};
		BA87AB8A2AD2FF1D00CD2F07 /* Build configuration list for PBXNativeTarget "UseCasesIntegrationTests" */ = {
			isa = XCConfigurationList;
			buildConfigurations = (
				BA87AB882AD2FF1D00CD2F07 /* Debug */,
				BA87AB892AD2FF1D00CD2F07 /* Release */,
			);
			defaultConfigurationIsVisible = 0;
			defaultConfigurationName = Release;
		};
		BACFD8B52ACF50C50016FA0C /* Build configuration list for PBXProject "CleanApp" */ = {
			isa = XCConfigurationList;
			buildConfigurations = (
				BACFD8C02ACF50C50016FA0C /* Debug */,
				BACFD8C12ACF50C50016FA0C /* Release */,
			);
			defaultConfigurationIsVisible = 0;
			defaultConfigurationName = Release;
		};
		BACFD8CE2ACF52030016FA0C /* Build configuration list for PBXNativeTarget "Domain" */ = {
			isa = XCConfigurationList;
			buildConfigurations = (
				BACFD8CF2ACF52030016FA0C /* Debug */,
				BACFD8D02ACF52030016FA0C /* Release */,
			);
			defaultConfigurationIsVisible = 0;
			defaultConfigurationName = Release;
		};
		BACFD8EA2ACF6DBA0016FA0C /* Build configuration list for PBXNativeTarget "Data" */ = {
			isa = XCConfigurationList;
			buildConfigurations = (
				BACFD8EB2ACF6DBA0016FA0C /* Debug */,
				BACFD8EC2ACF6DBA0016FA0C /* Release */,
			);
			defaultConfigurationIsVisible = 0;
			defaultConfigurationName = Release;
		};
		BACFD8ED2ACF6DBA0016FA0C /* Build configuration list for PBXNativeTarget "DataTests" */ = {
			isa = XCConfigurationList;
			buildConfigurations = (
				BACFD8EE2ACF6DBA0016FA0C /* Debug */,
				BACFD8EF2ACF6DBA0016FA0C /* Release */,
			);
			defaultConfigurationIsVisible = 0;
			defaultConfigurationName = Release;
		};
/* End XCConfigurationList section */

/* Begin XCRemoteSwiftPackageReference section */
		BA4206E02AD19A7100772934 /* XCRemoteSwiftPackageReference "Alamofire" */ = {
			isa = XCRemoteSwiftPackageReference;
			repositoryURL = "https://github.com/Alamofire/Alamofire.git";
			requirement = {
				kind = upToNextMajorVersion;
				minimumVersion = 5.0.0;
			};
		};
/* End XCRemoteSwiftPackageReference section */

/* Begin XCSwiftPackageProductDependency section */
		BA4206E12AD19A7100772934 /* Alamofire */ = {
			isa = XCSwiftPackageProductDependency;
			package = BA4206E02AD19A7100772934 /* XCRemoteSwiftPackageReference "Alamofire" */;
			productName = Alamofire;
		};
/* End XCSwiftPackageProductDependency section */
	};
	rootObject = BACFD8B22ACF50C50016FA0C /* Project object */;
}
